<?xml version="1.0" encoding="utf-8"?>
<Project ToolsVersion="17.0" xmlns="http://schemas.microsoft.com/developer/msbuild/2003">
  <ItemGroup>
    <ClCompile Include="C:\Users\Norma\Downloads\ogl-master\ogl-master\playground\playground.cpp">
      <Filter>Source Files</Filter>
    </ClCompile>
    <ClCompile Include="C:\Users\Norma\Downloads\ogl-master\ogl-master\common\shader.cpp">
      <Filter>common</Filter>
    </ClCompile>
    <ClCompile Include="main.cpp">
      <Filter>Source Files</Filter>
    </ClCompile>
    <ClCompile Include="loadShader.cpp">
      <Filter>Source Files\common</Filter>
    </ClCompile>
  </ItemGroup>
  <ItemGroup>
    <ClInclude Include="C:\Users\Norma\Downloads\ogl-master\ogl-master\common\shader.hpp">
      <Filter>common</Filter>
    </ClInclude>
  </ItemGroup>
  <ItemGroup>
    <CustomBuild Include="C:\Users\Norma\Downloads\ogl-master\ogl-master\CMakeLists.txt" />
  </ItemGroup>
  <ItemGroup>
    <Filter Include="Source Files">
      <UniqueIdentifier>{3F09014B-0470-35C6-AB64-653F7B092DA0}</UniqueIdentifier>
    </Filter>
    <Filter Include="common">
      <UniqueIdentifier>{FAA737B1-941F-3177-B847-537AC37B1230}</UniqueIdentifier>
    </Filter>
    <Filter Include="Source Files\common">
      <UniqueIdentifier>{9b0007a0-9e12-4f2a-a3e4-291cab1c5e26}</UniqueIdentifier>
    </Filter>
    <Filter Include="Source Files\shaders">
      <UniqueIdentifier>{a1ba51ea-052c-4757-a056-66c37753a70a}</UniqueIdentifier>
    </Filter>
  </ItemGroup>
  <ItemGroup>
    <None Include="basic.shader">
      <Filter>Source Files\shaders</Filter>
    </None>
  </ItemGroup>
</Project>