
Microsoft Visual Studio Solution File, Format Version 12.00
# Visual Studio Version 17
Project("{2150E333-8FDC-42A3-9474-1A3956D46DE8}") = "CMakePredefinedTargets", "CMakePredefinedTargets", "{BB02BB16-EFAE-3B22-A924-09211EC3573D}"
EndProject
Project("{2150E333-8FDC-42A3-9474-1A3956D46DE8}") = "GLFW3", "GLFW3", "{A88ED73A-2A3B-39EA-99A8-C67DF158C49C}"
EndProject
Project("{2150E333-8FDC-42A3-9474-1A3956D46DE8}") = "Examples", "GLFW3\Examples", "{3B4B32B3-5930-36C5-BCCD-88C1B2558931}"
EndProject
Project("{2150E333-8FDC-42A3-9474-1A3956D46DE8}") = "Tests", "GLFW3\Tests", "{266B072B-EF16-33F3-B35E-F988CA5A61FB}"
EndProject
Project("{8BC9CEB8-8B4A-11D0-8D11-00A0C91BC942}") = "ALL_BUILD", "ALL_BUILD.vcxproj", "{F6C36C21-21D2-32AE-815B-8B2B6B71C015}"
	ProjectSection(ProjectDependencies) = postProject
		{3D47077F-9935-3CEA-B0C0-8683AF574B77} = {3D47077F-9935-3CEA-B0C0-8683AF574B77}
		{060C6302-1685-3A3A-B0AD-4D4584D91773} = {060C6302-1685-3A3A-B0AD-4D4584D91773}
		{6A72CB9A-7078-3214-B8EE-DC1ADB368ADE} = {6A72CB9A-7078-3214-B8EE-DC1ADB368ADE}
		{B9C06B5F-B8AC-30AD-8DB2-35186D686FBC} = {B9C06B5F-B8AC-30AD-8DB2-35186D686FBC}
		{EF5DD3DF-BA88-38DC-AB76-6C517379781E} = {EF5DD3DF-BA88-38DC-AB76-6C517379781E}
		{CB8F0F00-29C9-3ACF-9BD0-E417231DFC6A} = {CB8F0F00-29C9-3ACF-9BD0-E417231DFC6A}
		{92756034-6581-3A7A-AF51-175F7B6BBB41} = {92756034-6581-3A7A-AF51-175F7B6BBB41}
		{73F6085E-A27B-3EA4-BB39-577CB8EFF6A7} = {73F6085E-A27B-3EA4-BB39-577CB8EFF6A7}
		{845AF058-3A4D-39B5-BA56-C6B0D856F55B} = {845AF058-3A4D-39B5-BA56-C6B0D856F55B}
		{F0B37961-0632-38DD-813A-6AB114D16A95} = {F0B37961-0632-38DD-813A-6AB114D16A95}
		{72FD0D9F-293F-3B03-91CC-A96F35E6BB17} = {72FD0D9F-293F-3B03-91CC-A96F35E6BB17}
		{FE41D406-29A5-356C-A388-B3C5C33299DC} = {FE41D406-29A5-356C-A388-B3C5C33299DC}
		{5E8B9CD6-E990-344F-A1F3-E37E38E75BAE} = {5E8B9CD6-E990-344F-A1F3-E37E38E75BAE}
		{D509822B-9404-31B8-9F90-62AD3E9EE359} = {D509822B-9404-31B8-9F90-62AD3E9EE359}
		{BD21F75E-1661-3FC0-9659-B8C6C758DD54} = {BD21F75E-1661-3FC0-9659-B8C6C758DD54}
		{C94445A3-3B49-36D8-9C5D-BAC61A00F883} = {C94445A3-3B49-36D8-9C5D-BAC61A00F883}
		{7B364709-12B6-3DE6-80D9-BE4E7AC0B4C8} = {7B364709-12B6-3DE6-80D9-BE4E7AC0B4C8}
		{88DA620E-5FF7-3A0E-99A7-16FCFFDDC830} = {88DA620E-5FF7-3A0E-99A7-16FCFFDDC830}
		{A082446B-4835-3C75-A119-B170B1B6994A} = {A082446B-4835-3C75-A119-B170B1B6994A}
		{5DD30A0F-DB3D-3F9F-82EB-6886D93D385C} = {5DD30A0F-DB3D-3F9F-82EB-6886D93D385C}
		{6773E938-3A23-39EA-83ED-CD2655D95C13} = {6773E938-3A23-39EA-83ED-CD2655D95C13}
		{9E591116-B8F5-3E77-B06E-866B2F33BE4F} = {9E591116-B8F5-3E77-B06E-866B2F33BE4F}
		{7389C7D8-B277-375C-BED7-4A0626636209} = {7389C7D8-B277-375C-BED7-4A0626636209}
		{894FEB88-CA20-3397-8A32-D1C05D32BBED} = {894FEB88-CA20-3397-8A32-D1C05D32BBED}
		{1C06D1AC-3F65-3A4F-85E9-E5E32F6DEAA4} = {1C06D1AC-3F65-3A4F-85E9-E5E32F6DEAA4}
		{12C35530-DFFC-39AB-9ED8-2742F7E208DB} = {12C35530-DFFC-39AB-9ED8-2742F7E208DB}
		{BD5233F6-F013-3F99-81DF-4544520FBE1D} = {BD5233F6-F013-3F99-81DF-4544520FBE1D}
		{DE0E747B-CE31-3497-989F-3AF953C7A18C} = {DE0E747B-CE31-3497-989F-3AF953C7A18C}
		{38D4C093-94B6-3183-9541-100B80E45404} = {38D4C093-94B6-3183-9541-100B80E45404}
		{74638F99-A1A3-35BF-A456-5AA4FF418A52} = {74638F99-A1A3-35BF-A456-5AA4FF418A52}
		{0790D64C-FC4B-3E73-828B-8AE5A570FC23} = {0790D64C-FC4B-3E73-828B-8AE5A570FC23}
		{4FDC056C-C55D-359D-A8BF-E02C6924FFD8} = {4FDC056C-C55D-359D-A8BF-E02C6924FFD8}
		{64FDC3E0-FF57-3D18-99B5-9815A66489BB} = {64FDC3E0-FF57-3D18-99B5-9815A66489BB}
		{333C2C36-F8DB-309B-AF03-E57E4936A964} = {333C2C36-F8DB-309B-AF03-E57E4936A964}
		{1E826DC1-7310-3492-BC91-D9843C0CA181} = {1E826DC1-7310-3492-BC91-D9843C0CA181}
		{B3B9FD27-3FEA-3507-BD07-5479A48702B9} = {B3B9FD27-3FEA-3507-BD07-5479A48702B9}
		{1D33EDD2-01F5-3C05-BDC6-AA41C449C06F} = {1D33EDD2-01F5-3C05-BDC6-AA41C449C06F}
		{4CC034FB-9C57-3C92-AB4D-DED75C8119E2} = {4CC034FB-9C57-3C92-AB4D-DED75C8119E2}
		{E970BAC0-3E25-3227-BF73-9D01C80FCEEC} = {E970BAC0-3E25-3227-BF73-9D01C80FCEEC}
		{CCFE6B81-5F63-3A1D-9B14-E14450E9057A} = {CCFE6B81-5F63-3A1D-9B14-E14450E9057A}
		{F493E85D-37E0-3112-B410-A2BE8E8C94DA} = {F493E85D-37E0-3112-B410-A2BE8E8C94DA}
		{8DA58A1E-EFD1-35A2-9913-FE750890619D} = {8DA58A1E-EFD1-35A2-9913-FE750890619D}
		{8F9FD5C3-E219-3C8A-A535-9947B6D08C82} = {8F9FD5C3-E219-3C8A-A535-9947B6D08C82}
		{3DF81524-7E13-316D-A595-B57DF133258B} = {3DF81524-7E13-316D-A595-B57DF133258B}
		{E5F1FD5F-E2E4-3074-BF1B-BB662360DDFD} = {E5F1FD5F-E2E4-3074-BF1B-BB662360DDFD}
		{604A10E8-5F3A-3FCD-9355-204D872470C8} = {604A10E8-5F3A-3FCD-9355-204D872470C8}
		{CA49C6BA-6349-36E8-919D-69BBE2497F74} = {CA49C6BA-6349-36E8-919D-69BBE2497F74}
		{A4D20A2F-CB5C-34C2-A20C-5BC74E60F90A} = {A4D20A2F-CB5C-34C2-A20C-5BC74E60F90A}
		{AC131A1E-28CD-33C9-9E60-457F23BDFFFE} = {AC131A1E-28CD-33C9-9E60-457F23BDFFFE}
		{4B5E1B30-8E31-33E0-ADC7-4B1812843F62} = {4B5E1B30-8E31-33E0-ADC7-4B1812843F62}
		{80ADEB1F-6E57-3608-BE24-0CBABC41385E} = {80ADEB1F-6E57-3608-BE24-0CBABC41385E}
		{CE6167E5-B3C9-3E35-B530-46FA06A8E9B1} = {CE6167E5-B3C9-3E35-B530-46FA06A8E9B1}
		{AE289A78-B1CF-3983-854A-BA7670F6DF43} = {AE289A78-B1CF-3983-854A-BA7670F6DF43}
		{DA8ED3D7-FF17-3D33-9AA9-AF3D37EACB96} = {DA8ED3D7-FF17-3D33-9AA9-AF3D37EACB96}
		{7E0325BD-2648-3FA0-9531-EEDFD8DB07BE} = {7E0325BD-2648-3FA0-9531-EEDFD8DB07BE}
		{EC91FB12-5513-3500-A647-F46AF081C12C} = {EC91FB12-5513-3500-A647-F46AF081C12C}
		{9D8228FD-22F8-3B89-AC43-6BD44769C2B4} = {9D8228FD-22F8-3B89-AC43-6BD44769C2B4}
		{AE78F072-EC72-35C2-ABC8-178389F9899D} = {AE78F072-EC72-35C2-ABC8-178389F9899D}
		{7656FAD2-D8AD-3921-9A39-569C344BC5AF} = {7656FAD2-D8AD-3921-9A39-569C344BC5AF}
	EndProjectSection
EndProject
Project("{8BC9CEB8-8B4A-11D0-8D11-00A0C91BC942}") = "ANTTWEAKBAR_116_OGLCORE_GLFW", "external\ANTTWEAKBAR_116_OGLCORE_GLFW.vcxproj", "{3D47077F-9935-3CEA-B0C0-8683AF574B77}"
	ProjectSection(ProjectDependencies) = postProject
		{92756034-6581-3A7A-AF51-175F7B6BBB41} = {92756034-6581-3A7A-AF51-175F7B6BBB41}
	EndProjectSection
EndProject
Project("{8BC9CEB8-8B4A-11D0-8D11-00A0C91BC942}") = "BulletCollision", "external\bullet-2.81-rev2613\src\BulletCollision\BulletCollision.vcxproj", "{060C6302-1685-3A3A-B0AD-4D4584D91773}"
	ProjectSection(ProjectDependencies) = postProject
		{92756034-6581-3A7A-AF51-175F7B6BBB41} = {92756034-6581-3A7A-AF51-175F7B6BBB41}
	EndProjectSection
EndProject
Project("{8BC9CEB8-8B4A-11D0-8D11-00A0C91BC942}") = "BulletDynamics", "external\bullet-2.81-rev2613\src\BulletDynamics\BulletDynamics.vcxproj", "{6A72CB9A-7078-3214-B8EE-DC1ADB368ADE}"
	ProjectSection(ProjectDependencies) = postProject
		{92756034-6581-3A7A-AF51-175F7B6BBB41} = {92756034-6581-3A7A-AF51-175F7B6BBB41}
	EndProjectSection
EndProject
Project("{8BC9CEB8-8B4A-11D0-8D11-00A0C91BC942}") = "BulletSoftBody", "external\bullet-2.81-rev2613\src\BulletSoftBody\BulletSoftBody.vcxproj", "{B9C06B5F-B8AC-30AD-8DB2-35186D686FBC}"
	ProjectSection(ProjectDependencies) = postProject
		{92756034-6581-3A7A-AF51-175F7B6BBB41} = {92756034-6581-3A7A-AF51-175F7B6BBB41}
	EndProjectSection
EndProject
Project("{8BC9CEB8-8B4A-11D0-8D11-00A0C91BC942}") = "GLEW_1130", "external\GLEW_1130.vcxproj", "{EF5DD3DF-BA88-38DC-AB76-6C517379781E}"
	ProjectSection(ProjectDependencies) = postProject
		{92756034-6581-3A7A-AF51-175F7B6BBB41} = {92756034-6581-3A7A-AF51-175F7B6BBB41}
	EndProjectSection
EndProject
Project("{8BC9CEB8-8B4A-11D0-8D11-00A0C91BC942}") = "INSTALL", "INSTALL.vcxproj", "{A5B92E7D-82F9-3CF1-A005-0BA5F612F025}"
	ProjectSection(ProjectDependencies) = postProject
		{F6C36C21-21D2-32AE-815B-8B2B6B71C015} = {F6C36C21-21D2-32AE-815B-8B2B6B71C015}
		{92756034-6581-3A7A-AF51-175F7B6BBB41} = {92756034-6581-3A7A-AF51-175F7B6BBB41}
	EndProjectSection
EndProject
Project("{8BC9CEB8-8B4A-11D0-8D11-00A0C91BC942}") = "LinearMath", "external\bullet-2.81-rev2613\src\LinearMath\LinearMath.vcxproj", "{CB8F0F00-29C9-3ACF-9BD0-E417231DFC6A}"
	ProjectSection(ProjectDependencies) = postProject
		{92756034-6581-3A7A-AF51-175F7B6BBB41} = {92756034-6581-3A7A-AF51-175F7B6BBB41}
	EndProjectSection
EndProject
Project("{8BC9CEB8-8B4A-11D0-8D11-00A0C91BC942}") = "ZERO_CHECK", "ZERO_CHECK.vcxproj", "{92756034-6581-3A7A-AF51-175F7B6BBB41}"
	ProjectSection(ProjectDependencies) = postProject
	EndProjectSection
EndProject
Project("{8BC9CEB8-8B4A-11D0-8D11-00A0C91BC942}") = "assimp", "external\assimp-3.0.1270\code\assimp.vcxproj", "{73F6085E-A27B-3EA4-BB39-577CB8EFF6A7}"
	ProjectSection(ProjectDependencies) = postProject
		{92756034-6581-3A7A-AF51-175F7B6BBB41} = {92756034-6581-3A7A-AF51-175F7B6BBB41}
		{7656FAD2-D8AD-3921-9A39-569C344BC5AF} = {7656FAD2-D8AD-3921-9A39-569C344BC5AF}
	EndProjectSection
EndProject
Project("{8BC9CEB8-8B4A-11D0-8D11-00A0C91BC942}") = "boing", "external\glfw-3.1.2\examples\boing.vcxproj", "{845AF058-3A4D-39B5-BA56-C6B0D856F55B}"
	ProjectSection(ProjectDependencies) = postProject
		{92756034-6581-3A7A-AF51-175F7B6BBB41} = {92756034-6581-3A7A-AF51-175F7B6BBB41}
		{C94445A3-3B49-36D8-9C5D-BAC61A00F883} = {C94445A3-3B49-36D8-9C5D-BAC61A00F883}
	EndProjectSection
EndProject
Project("{8BC9CEB8-8B4A-11D0-8D11-00A0C91BC942}") = "clipboard", "external\glfw-3.1.2\tests\clipboard.vcxproj", "{F0B37961-0632-38DD-813A-6AB114D16A95}"
	ProjectSection(ProjectDependencies) = postProject
		{92756034-6581-3A7A-AF51-175F7B6BBB41} = {92756034-6581-3A7A-AF51-175F7B6BBB41}
		{C94445A3-3B49-36D8-9C5D-BAC61A00F883} = {C94445A3-3B49-36D8-9C5D-BAC61A00F883}
	EndProjectSection
EndProject
Project("{8BC9CEB8-8B4A-11D0-8D11-00A0C91BC942}") = "cursor", "external\glfw-3.1.2\tests\cursor.vcxproj", "{72FD0D9F-293F-3B03-91CC-A96F35E6BB17}"
	ProjectSection(ProjectDependencies) = postProject
		{92756034-6581-3A7A-AF51-175F7B6BBB41} = {92756034-6581-3A7A-AF51-175F7B6BBB41}
		{C94445A3-3B49-36D8-9C5D-BAC61A00F883} = {C94445A3-3B49-36D8-9C5D-BAC61A00F883}
	EndProjectSection
EndProject
Project("{8BC9CEB8-8B4A-11D0-8D11-00A0C91BC942}") = "empty", "external\glfw-3.1.2\tests\empty.vcxproj", "{FE41D406-29A5-356C-A388-B3C5C33299DC}"
	ProjectSection(ProjectDependencies) = postProject
		{92756034-6581-3A7A-AF51-175F7B6BBB41} = {92756034-6581-3A7A-AF51-175F7B6BBB41}
		{C94445A3-3B49-36D8-9C5D-BAC61A00F883} = {C94445A3-3B49-36D8-9C5D-BAC61A00F883}
	EndProjectSection
EndProject
Project("{8BC9CEB8-8B4A-11D0-8D11-00A0C91BC942}") = "events", "external\glfw-3.1.2\tests\events.vcxproj", "{5E8B9CD6-E990-344F-A1F3-E37E38E75BAE}"
	ProjectSection(ProjectDependencies) = postProject
		{92756034-6581-3A7A-AF51-175F7B6BBB41} = {92756034-6581-3A7A-AF51-175F7B6BBB41}
		{C94445A3-3B49-36D8-9C5D-BAC61A00F883} = {C94445A3-3B49-36D8-9C5D-BAC61A00F883}
	EndProjectSection
EndProject
Project("{8BC9CEB8-8B4A-11D0-8D11-00A0C91BC942}") = "gamma", "external\glfw-3.1.2\tests\gamma.vcxproj", "{D509822B-9404-31B8-9F90-62AD3E9EE359}"
	ProjectSection(ProjectDependencies) = postProject
		{92756034-6581-3A7A-AF51-175F7B6BBB41} = {92756034-6581-3A7A-AF51-175F7B6BBB41}
		{C94445A3-3B49-36D8-9C5D-BAC61A00F883} = {C94445A3-3B49-36D8-9C5D-BAC61A00F883}
	EndProjectSection
EndProject
Project("{8BC9CEB8-8B4A-11D0-8D11-00A0C91BC942}") = "gears", "external\glfw-3.1.2\examples\gears.vcxproj", "{BD21F75E-1661-3FC0-9659-B8C6C758DD54}"
	ProjectSection(ProjectDependencies) = postProject
		{92756034-6581-3A7A-AF51-175F7B6BBB41} = {92756034-6581-3A7A-AF51-175F7B6BBB41}
		{C94445A3-3B49-36D8-9C5D-BAC61A00F883} = {C94445A3-3B49-36D8-9C5D-BAC61A00F883}
	EndProjectSection
EndProject
Project("{8BC9CEB8-8B4A-11D0-8D11-00A0C91BC942}") = "glfw", "external\glfw-3.1.2\src\glfw.vcxproj", "{C94445A3-3B49-36D8-9C5D-BAC61A00F883}"
	ProjectSection(ProjectDependencies) = postProject
		{92756034-6581-3A7A-AF51-175F7B6BBB41} = {92756034-6581-3A7A-AF51-175F7B6BBB41}
	EndProjectSection
EndProject
Project("{8BC9CEB8-8B4A-11D0-8D11-00A0C91BC942}") = "glfwinfo", "external\glfw-3.1.2\tests\glfwinfo.vcxproj", "{7B364709-12B6-3DE6-80D9-BE4E7AC0B4C8}"
	ProjectSection(ProjectDependencies) = postProject
		{92756034-6581-3A7A-AF51-175F7B6BBB41} = {92756034-6581-3A7A-AF51-175F7B6BBB41}
		{C94445A3-3B49-36D8-9C5D-BAC61A00F883} = {C94445A3-3B49-36D8-9C5D-BAC61A00F883}
	EndProjectSection
EndProject
Project("{8BC9CEB8-8B4A-11D0-8D11-00A0C91BC942}") = "heightmap", "external\glfw-3.1.2\examples\heightmap.vcxproj", "{88DA620E-5FF7-3A0E-99A7-16FCFFDDC830}"
	ProjectSection(ProjectDependencies) = postProject
		{92756034-6581-3A7A-AF51-175F7B6BBB41} = {92756034-6581-3A7A-AF51-175F7B6BBB41}
		{C94445A3-3B49-36D8-9C5D-BAC61A00F883} = {C94445A3-3B49-36D8-9C5D-BAC61A00F883}
	EndProjectSection
EndProject
Project("{8BC9CEB8-8B4A-11D0-8D11-00A0C91BC942}") = "iconify", "external\glfw-3.1.2\tests\iconify.vcxproj", "{A082446B-4835-3C75-A119-B170B1B6994A}"
	ProjectSection(ProjectDependencies) = postProject
		{92756034-6581-3A7A-AF51-175F7B6BBB41} = {92756034-6581-3A7A-AF51-175F7B6BBB41}
		{C94445A3-3B49-36D8-9C5D-BAC61A00F883} = {C94445A3-3B49-36D8-9C5D-BAC61A00F883}
	EndProjectSection
EndProject
Project("{8BC9CEB8-8B4A-11D0-8D11-00A0C91BC942}") = "joysticks", "external\glfw-3.1.2\tests\joysticks.vcxproj", "{5DD30A0F-DB3D-3F9F-82EB-6886D93D385C}"
	ProjectSection(ProjectDependencies) = postProject
		{92756034-6581-3A7A-AF51-175F7B6BBB41} = {92756034-6581-3A7A-AF51-175F7B6BBB41}
		{C94445A3-3B49-36D8-9C5D-BAC61A00F883} = {C94445A3-3B49-36D8-9C5D-BAC61A00F883}
	EndProjectSection
EndProject
Project("{8BC9CEB8-8B4A-11D0-8D11-00A0C91BC942}") = "misc05_picking_BulletPhysics", "misc05_picking_BulletPhysics.vcxproj", "{6773E938-3A23-39EA-83ED-CD2655D95C13}"
	ProjectSection(ProjectDependencies) = postProject
		{3D47077F-9935-3CEA-B0C0-8683AF574B77} = {3D47077F-9935-3CEA-B0C0-8683AF574B77}
		{060C6302-1685-3A3A-B0AD-4D4584D91773} = {060C6302-1685-3A3A-B0AD-4D4584D91773}
		{6A72CB9A-7078-3214-B8EE-DC1ADB368ADE} = {6A72CB9A-7078-3214-B8EE-DC1ADB368ADE}
		{EF5DD3DF-BA88-38DC-AB76-6C517379781E} = {EF5DD3DF-BA88-38DC-AB76-6C517379781E}
		{CB8F0F00-29C9-3ACF-9BD0-E417231DFC6A} = {CB8F0F00-29C9-3ACF-9BD0-E417231DFC6A}
		{92756034-6581-3A7A-AF51-175F7B6BBB41} = {92756034-6581-3A7A-AF51-175F7B6BBB41}
		{C94445A3-3B49-36D8-9C5D-BAC61A00F883} = {C94445A3-3B49-36D8-9C5D-BAC61A00F883}
	EndProjectSection
EndProject
Project("{8BC9CEB8-8B4A-11D0-8D11-00A0C91BC942}") = "misc05_picking_custom", "misc05_picking_custom.vcxproj", "{9E591116-B8F5-3E77-B06E-866B2F33BE4F}"
	ProjectSection(ProjectDependencies) = postProject
		{3D47077F-9935-3CEA-B0C0-8683AF574B77} = {3D47077F-9935-3CEA-B0C0-8683AF574B77}
		{EF5DD3DF-BA88-38DC-AB76-6C517379781E} = {EF5DD3DF-BA88-38DC-AB76-6C517379781E}
		{92756034-6581-3A7A-AF51-175F7B6BBB41} = {92756034-6581-3A7A-AF51-175F7B6BBB41}
		{C94445A3-3B49-36D8-9C5D-BAC61A00F883} = {C94445A3-3B49-36D8-9C5D-BAC61A00F883}
	EndProjectSection
EndProject
Project("{8BC9CEB8-8B4A-11D0-8D11-00A0C91BC942}") = "misc05_picking_slow_easy", "misc05_picking_slow_easy.vcxproj", "{7389C7D8-B277-375C-BED7-4A0626636209}"
	ProjectSection(ProjectDependencies) = postProject
		{3D47077F-9935-3CEA-B0C0-8683AF574B77} = {3D47077F-9935-3CEA-B0C0-8683AF574B77}
		{EF5DD3DF-BA88-38DC-AB76-6C517379781E} = {EF5DD3DF-BA88-38DC-AB76-6C517379781E}
		{92756034-6581-3A7A-AF51-175F7B6BBB41} = {92756034-6581-3A7A-AF51-175F7B6BBB41}
		{C94445A3-3B49-36D8-9C5D-BAC61A00F883} = {C94445A3-3B49-36D8-9C5D-BAC61A00F883}
	EndProjectSection
EndProject
Project("{8BC9CEB8-8B4A-11D0-8D11-00A0C91BC942}") = "monitors", "external\glfw-3.1.2\tests\monitors.vcxproj", "{894FEB88-CA20-3397-8A32-D1C05D32BBED}"
	ProjectSection(ProjectDependencies) = postProject
		{92756034-6581-3A7A-AF51-175F7B6BBB41} = {92756034-6581-3A7A-AF51-175F7B6BBB41}
		{C94445A3-3B49-36D8-9C5D-BAC61A00F883} = {C94445A3-3B49-36D8-9C5D-BAC61A00F883}
	EndProjectSection
EndProject
Project("{8BC9CEB8-8B4A-11D0-8D11-00A0C91BC942}") = "msaa", "external\glfw-3.1.2\tests\msaa.vcxproj", "{1C06D1AC-3F65-3A4F-85E9-E5E32F6DEAA4}"
	ProjectSection(ProjectDependencies) = postProject
		{92756034-6581-3A7A-AF51-175F7B6BBB41} = {92756034-6581-3A7A-AF51-175F7B6BBB41}
		{C94445A3-3B49-36D8-9C5D-BAC61A00F883} = {C94445A3-3B49-36D8-9C5D-BAC61A00F883}
	EndProjectSection
EndProject
Project("{8BC9CEB8-8B4A-11D0-8D11-00A0C91BC942}") = "particles", "external\glfw-3.1.2\examples\particles.vcxproj", "{12C35530-DFFC-39AB-9ED8-2742F7E208DB}"
	ProjectSection(ProjectDependencies) = postProject
		{92756034-6581-3A7A-AF51-175F7B6BBB41} = {92756034-6581-3A7A-AF51-175F7B6BBB41}
		{C94445A3-3B49-36D8-9C5D-BAC61A00F883} = {C94445A3-3B49-36D8-9C5D-BAC61A00F883}
	EndProjectSection
EndProject
Project("{8BC9CEB8-8B4A-11D0-8D11-00A0C91BC942}") = "playground", "playground.vcxproj", "{BD5233F6-F013-3F99-81DF-4544520FBE1D}"
	ProjectSection(ProjectDependencies) = postProject
		{EF5DD3DF-BA88-38DC-AB76-6C517379781E} = {EF5DD3DF-BA88-38DC-AB76-6C517379781E}
		{92756034-6581-3A7A-AF51-175F7B6BBB41} = {92756034-6581-3A7A-AF51-175F7B6BBB41}
		{C94445A3-3B49-36D8-9C5D-BAC61A00F883} = {C94445A3-3B49-36D8-9C5D-BAC61A00F883}
	EndProjectSection
EndProject
Project("{8BC9CEB8-8B4A-11D0-8D11-00A0C91BC942}") = "reopen", "external\glfw-3.1.2\tests\reopen.vcxproj", "{DE0E747B-CE31-3497-989F-3AF953C7A18C}"
	ProjectSection(ProjectDependencies) = postProject
		{92756034-6581-3A7A-AF51-175F7B6BBB41} = {92756034-6581-3A7A-AF51-175F7B6BBB41}
		{C94445A3-3B49-36D8-9C5D-BAC61A00F883} = {C94445A3-3B49-36D8-9C5D-BAC61A00F883}
	EndProjectSection
EndProject
Project("{8BC9CEB8-8B4A-11D0-8D11-00A0C91BC942}") = "sharing", "external\glfw-3.1.2\tests\sharing.vcxproj", "{38D4C093-94B6-3183-9541-100B80E45404}"
	ProjectSection(ProjectDependencies) = postProject
		{92756034-6581-3A7A-AF51-175F7B6BBB41} = {92756034-6581-3A7A-AF51-175F7B6BBB41}
		{C94445A3-3B49-36D8-9C5D-BAC61A00F883} = {C94445A3-3B49-36D8-9C5D-BAC61A00F883}
	EndProjectSection
EndProject
Project("{8BC9CEB8-8B4A-11D0-8D11-00A0C91BC942}") = "simple", "external\glfw-3.1.2\examples\simple.vcxproj", "{74638F99-A1A3-35BF-A456-5AA4FF418A52}"
	ProjectSection(ProjectDependencies) = postProject
		{92756034-6581-3A7A-AF51-175F7B6BBB41} = {92756034-6581-3A7A-AF51-175F7B6BBB41}
		{C94445A3-3B49-36D8-9C5D-BAC61A00F883} = {C94445A3-3B49-36D8-9C5D-BAC61A00F883}
	EndProjectSection
EndProject
Project("{8BC9CEB8-8B4A-11D0-8D11-00A0C91BC942}") = "splitview", "external\glfw-3.1.2\examples\splitview.vcxproj", "{0790D64C-FC4B-3E73-828B-8AE5A570FC23}"
	ProjectSection(ProjectDependencies) = postProject
		{92756034-6581-3A7A-AF51-175F7B6BBB41} = {92756034-6581-3A7A-AF51-175F7B6BBB41}
		{C94445A3-3B49-36D8-9C5D-BAC61A00F883} = {C94445A3-3B49-36D8-9C5D-BAC61A00F883}
	EndProjectSection
EndProject
Project("{8BC9CEB8-8B4A-11D0-8D11-00A0C91BC942}") = "tearing", "external\glfw-3.1.2\tests\tearing.vcxproj", "{4FDC056C-C55D-359D-A8BF-E02C6924FFD8}"
	ProjectSection(ProjectDependencies) = postProject
		{92756034-6581-3A7A-AF51-175F7B6BBB41} = {92756034-6581-3A7A-AF51-175F7B6BBB41}
		{C94445A3-3B49-36D8-9C5D-BAC61A00F883} = {C94445A3-3B49-36D8-9C5D-BAC61A00F883}
	EndProjectSection
EndProject
Project("{8BC9CEB8-8B4A-11D0-8D11-00A0C91BC942}") = "threads", "external\glfw-3.1.2\tests\threads.vcxproj", "{64FDC3E0-FF57-3D18-99B5-9815A66489BB}"
	ProjectSection(ProjectDependencies) = postProject
		{92756034-6581-3A7A-AF51-175F7B6BBB41} = {92756034-6581-3A7A-AF51-175F7B6BBB41}
		{C94445A3-3B49-36D8-9C5D-BAC61A00F883} = {C94445A3-3B49-36D8-9C5D-BAC61A00F883}
	EndProjectSection
EndProject
Project("{8BC9CEB8-8B4A-11D0-8D11-00A0C91BC942}") = "title", "external\glfw-3.1.2\tests\title.vcxproj", "{333C2C36-F8DB-309B-AF03-E57E4936A964}"
	ProjectSection(ProjectDependencies) = postProject
		{92756034-6581-3A7A-AF51-175F7B6BBB41} = {92756034-6581-3A7A-AF51-175F7B6BBB41}
		{C94445A3-3B49-36D8-9C5D-BAC61A00F883} = {C94445A3-3B49-36D8-9C5D-BAC61A00F883}
	EndProjectSection
EndProject
Project("{8BC9CEB8-8B4A-11D0-8D11-00A0C91BC942}") = "tutorial01_first_window", "tutorial01_first_window.vcxproj", "{1E826DC1-7310-3492-BC91-D9843C0CA181}"
	ProjectSection(ProjectDependencies) = postProject
		{EF5DD3DF-BA88-38DC-AB76-6C517379781E} = {EF5DD3DF-BA88-38DC-AB76-6C517379781E}
		{92756034-6581-3A7A-AF51-175F7B6BBB41} = {92756034-6581-3A7A-AF51-175F7B6BBB41}
		{C94445A3-3B49-36D8-9C5D-BAC61A00F883} = {C94445A3-3B49-36D8-9C5D-BAC61A00F883}
	EndProjectSection
EndProject
Project("{8BC9CEB8-8B4A-11D0-8D11-00A0C91BC942}") = "tutorial02_red_triangle", "tutorial02_red_triangle.vcxproj", "{B3B9FD27-3FEA-3507-BD07-5479A48702B9}"
	ProjectSection(ProjectDependencies) = postProject
		{EF5DD3DF-BA88-38DC-AB76-6C517379781E} = {EF5DD3DF-BA88-38DC-AB76-6C517379781E}
		{92756034-6581-3A7A-AF51-175F7B6BBB41} = {92756034-6581-3A7A-AF51-175F7B6BBB41}
		{C94445A3-3B49-36D8-9C5D-BAC61A00F883} = {C94445A3-3B49-36D8-9C5D-BAC61A00F883}
	EndProjectSection
EndProject
Project("{8BC9CEB8-8B4A-11D0-8D11-00A0C91BC942}") = "tutorial03_matrices", "tutorial03_matrices.vcxproj", "{1D33EDD2-01F5-3C05-BDC6-AA41C449C06F}"
	ProjectSection(ProjectDependencies) = postProject
		{EF5DD3DF-BA88-38DC-AB76-6C517379781E} = {EF5DD3DF-BA88-38DC-AB76-6C517379781E}
		{92756034-6581-3A7A-AF51-175F7B6BBB41} = {92756034-6581-3A7A-AF51-175F7B6BBB41}
		{C94445A3-3B49-36D8-9C5D-BAC61A00F883} = {C94445A3-3B49-36D8-9C5D-BAC61A00F883}
	EndProjectSection
EndProject
Project("{8BC9CEB8-8B4A-11D0-8D11-00A0C91BC942}") = "tutorial04_colored_cube", "tutorial04_colored_cube.vcxproj", "{4CC034FB-9C57-3C92-AB4D-DED75C8119E2}"
	ProjectSection(ProjectDependencies) = postProject
		{EF5DD3DF-BA88-38DC-AB76-6C517379781E} = {EF5DD3DF-BA88-38DC-AB76-6C517379781E}
		{92756034-6581-3A7A-AF51-175F7B6BBB41} = {92756034-6581-3A7A-AF51-175F7B6BBB41}
		{C94445A3-3B49-36D8-9C5D-BAC61A00F883} = {C94445A3-3B49-36D8-9C5D-BAC61A00F883}
	EndProjectSection
EndProject
Project("{8BC9CEB8-8B4A-11D0-8D11-00A0C91BC942}") = "tutorial05_textured_cube", "tutorial05_textured_cube.vcxproj", "{E970BAC0-3E25-3227-BF73-9D01C80FCEEC}"
	ProjectSection(ProjectDependencies) = postProject
		{EF5DD3DF-BA88-38DC-AB76-6C517379781E} = {EF5DD3DF-BA88-38DC-AB76-6C517379781E}
		{92756034-6581-3A7A-AF51-175F7B6BBB41} = {92756034-6581-3A7A-AF51-175F7B6BBB41}
		{C94445A3-3B49-36D8-9C5D-BAC61A00F883} = {C94445A3-3B49-36D8-9C5D-BAC61A00F883}
	EndProjectSection
EndProject
Project("{8BC9CEB8-8B4A-11D0-8D11-00A0C91BC942}") = "tutorial06_keyboard_and_mouse", "tutorial06_keyboard_and_mouse.vcxproj", "{CCFE6B81-5F63-3A1D-9B14-E14450E9057A}"
	ProjectSection(ProjectDependencies) = postProject
		{EF5DD3DF-BA88-38DC-AB76-6C517379781E} = {EF5DD3DF-BA88-38DC-AB76-6C517379781E}
		{92756034-6581-3A7A-AF51-175F7B6BBB41} = {92756034-6581-3A7A-AF51-175F7B6BBB41}
		{C94445A3-3B49-36D8-9C5D-BAC61A00F883} = {C94445A3-3B49-36D8-9C5D-BAC61A00F883}
	EndProjectSection
EndProject
Project("{8BC9CEB8-8B4A-11D0-8D11-00A0C91BC942}") = "tutorial07_model_loading", "tutorial07_model_loading.vcxproj", "{F493E85D-37E0-3112-B410-A2BE8E8C94DA}"
	ProjectSection(ProjectDependencies) = postProject
		{EF5DD3DF-BA88-38DC-AB76-6C517379781E} = {EF5DD3DF-BA88-38DC-AB76-6C517379781E}
		{92756034-6581-3A7A-AF51-175F7B6BBB41} = {92756034-6581-3A7A-AF51-175F7B6BBB41}
		{C94445A3-3B49-36D8-9C5D-BAC61A00F883} = {C94445A3-3B49-36D8-9C5D-BAC61A00F883}
	EndProjectSection
EndProject
Project("{8BC9CEB8-8B4A-11D0-8D11-00A0C91BC942}") = "tutorial08_basic_shading", "tutorial08_basic_shading.vcxproj", "{8DA58A1E-EFD1-35A2-9913-FE750890619D}"
	ProjectSection(ProjectDependencies) = postProject
		{EF5DD3DF-BA88-38DC-AB76-6C517379781E} = {EF5DD3DF-BA88-38DC-AB76-6C517379781E}
		{92756034-6581-3A7A-AF51-175F7B6BBB41} = {92756034-6581-3A7A-AF51-175F7B6BBB41}
		{C94445A3-3B49-36D8-9C5D-BAC61A00F883} = {C94445A3-3B49-36D8-9C5D-BAC61A00F883}
	EndProjectSection
EndProject
Project("{8BC9CEB8-8B4A-11D0-8D11-00A0C91BC942}") = "tutorial09_AssImp", "tutorial09_AssImp.vcxproj", "{8F9FD5C3-E219-3C8A-A535-9947B6D08C82}"
	ProjectSection(ProjectDependencies) = postProject
		{EF5DD3DF-BA88-38DC-AB76-6C517379781E} = {EF5DD3DF-BA88-38DC-AB76-6C517379781E}
		{92756034-6581-3A7A-AF51-175F7B6BBB41} = {92756034-6581-3A7A-AF51-175F7B6BBB41}
		{73F6085E-A27B-3EA4-BB39-577CB8EFF6A7} = {73F6085E-A27B-3EA4-BB39-577CB8EFF6A7}
		{C94445A3-3B49-36D8-9C5D-BAC61A00F883} = {C94445A3-3B49-36D8-9C5D-BAC61A00F883}
		{7656FAD2-D8AD-3921-9A39-569C344BC5AF} = {7656FAD2-D8AD-3921-9A39-569C344BC5AF}
	EndProjectSection
EndProject
Project("{8BC9CEB8-8B4A-11D0-8D11-00A0C91BC942}") = "tutorial09_several_objects", "tutorial09_several_objects.vcxproj", "{3DF81524-7E13-316D-A595-B57DF133258B}"
	ProjectSection(ProjectDependencies) = postProject
		{EF5DD3DF-BA88-38DC-AB76-6C517379781E} = {EF5DD3DF-BA88-38DC-AB76-6C517379781E}
		{92756034-6581-3A7A-AF51-175F7B6BBB41} = {92756034-6581-3A7A-AF51-175F7B6BBB41}
		{C94445A3-3B49-36D8-9C5D-BAC61A00F883} = {C94445A3-3B49-36D8-9C5D-BAC61A00F883}
	EndProjectSection
EndProject
Project("{8BC9CEB8-8B4A-11D0-8D11-00A0C91BC942}") = "tutorial09_vbo_indexing", "tutorial09_vbo_indexing.vcxproj", "{E5F1FD5F-E2E4-3074-BF1B-BB662360DDFD}"
	ProjectSection(ProjectDependencies) = postProject
		{EF5DD3DF-BA88-38DC-AB76-6C517379781E} = {EF5DD3DF-BA88-38DC-AB76-6C517379781E}
		{92756034-6581-3A7A-AF51-175F7B6BBB41} = {92756034-6581-3A7A-AF51-175F7B6BBB41}
		{C94445A3-3B49-36D8-9C5D-BAC61A00F883} = {C94445A3-3B49-36D8-9C5D-BAC61A00F883}
	EndProjectSection
EndProject
Project("{8BC9CEB8-8B4A-11D0-8D11-00A0C91BC942}") = "tutorial10_transparency", "tutorial10_transparency.vcxproj", "{604A10E8-5F3A-3FCD-9355-204D872470C8}"
	ProjectSection(ProjectDependencies) = postProject
		{EF5DD3DF-BA88-38DC-AB76-6C517379781E} = {EF5DD3DF-BA88-38DC-AB76-6C517379781E}
		{92756034-6581-3A7A-AF51-175F7B6BBB41} = {92756034-6581-3A7A-AF51-175F7B6BBB41}
		{C94445A3-3B49-36D8-9C5D-BAC61A00F883} = {C94445A3-3B49-36D8-9C5D-BAC61A00F883}
	EndProjectSection
EndProject
Project("{8BC9CEB8-8B4A-11D0-8D11-00A0C91BC942}") = "tutorial11_2d_fonts", "tutorial11_2d_fonts.vcxproj", "{CA49C6BA-6349-36E8-919D-69BBE2497F74}"
	ProjectSection(ProjectDependencies) = postProject
		{EF5DD3DF-BA88-38DC-AB76-6C517379781E} = {EF5DD3DF-BA88-38DC-AB76-6C517379781E}
		{92756034-6581-3A7A-AF51-175F7B6BBB41} = {92756034-6581-3A7A-AF51-175F7B6BBB41}
		{C94445A3-3B49-36D8-9C5D-BAC61A00F883} = {C94445A3-3B49-36D8-9C5D-BAC61A00F883}
	EndProjectSection
EndProject
Project("{8BC9CEB8-8B4A-11D0-8D11-00A0C91BC942}") = "tutorial12_extensions", "tutorial12_extensions.vcxproj", "{A4D20A2F-CB5C-34C2-A20C-5BC74E60F90A}"
	ProjectSection(ProjectDependencies) = postProject
		{EF5DD3DF-BA88-38DC-AB76-6C517379781E} = {EF5DD3DF-BA88-38DC-AB76-6C517379781E}
		{92756034-6581-3A7A-AF51-175F7B6BBB41} = {92756034-6581-3A7A-AF51-175F7B6BBB41}
		{C94445A3-3B49-36D8-9C5D-BAC61A00F883} = {C94445A3-3B49-36D8-9C5D-BAC61A00F883}
	EndProjectSection
EndProject
Project("{8BC9CEB8-8B4A-11D0-8D11-00A0C91BC942}") = "tutorial13_normal_mapping", "tutorial13_normal_mapping.vcxproj", "{AC131A1E-28CD-33C9-9E60-457F23BDFFFE}"
	ProjectSection(ProjectDependencies) = postProject
		{EF5DD3DF-BA88-38DC-AB76-6C517379781E} = {EF5DD3DF-BA88-38DC-AB76-6C517379781E}
		{92756034-6581-3A7A-AF51-175F7B6BBB41} = {92756034-6581-3A7A-AF51-175F7B6BBB41}
		{C94445A3-3B49-36D8-9C5D-BAC61A00F883} = {C94445A3-3B49-36D8-9C5D-BAC61A00F883}
	EndProjectSection
EndProject
Project("{8BC9CEB8-8B4A-11D0-8D11-00A0C91BC942}") = "tutorial14_render_to_texture", "tutorial14_render_to_texture.vcxproj", "{4B5E1B30-8E31-33E0-ADC7-4B1812843F62}"
	ProjectSection(ProjectDependencies) = postProject
		{EF5DD3DF-BA88-38DC-AB76-6C517379781E} = {EF5DD3DF-BA88-38DC-AB76-6C517379781E}
		{92756034-6581-3A7A-AF51-175F7B6BBB41} = {92756034-6581-3A7A-AF51-175F7B6BBB41}
		{C94445A3-3B49-36D8-9C5D-BAC61A00F883} = {C94445A3-3B49-36D8-9C5D-BAC61A00F883}
	EndProjectSection
EndProject
Project("{8BC9CEB8-8B4A-11D0-8D11-00A0C91BC942}") = "tutorial15_lightmaps", "tutorial15_lightmaps.vcxproj", "{80ADEB1F-6E57-3608-BE24-0CBABC41385E}"
	ProjectSection(ProjectDependencies) = postProject
		{EF5DD3DF-BA88-38DC-AB76-6C517379781E} = {EF5DD3DF-BA88-38DC-AB76-6C517379781E}
		{92756034-6581-3A7A-AF51-175F7B6BBB41} = {92756034-6581-3A7A-AF51-175F7B6BBB41}
		{C94445A3-3B49-36D8-9C5D-BAC61A00F883} = {C94445A3-3B49-36D8-9C5D-BAC61A00F883}
	EndProjectSection
EndProject
Project("{8BC9CEB8-8B4A-11D0-8D11-00A0C91BC942}") = "tutorial16_shadowmaps", "tutorial16_shadowmaps.vcxproj", "{CE6167E5-B3C9-3E35-B530-46FA06A8E9B1}"
	ProjectSection(ProjectDependencies) = postProject
		{EF5DD3DF-BA88-38DC-AB76-6C517379781E} = {EF5DD3DF-BA88-38DC-AB76-6C517379781E}
		{92756034-6581-3A7A-AF51-175F7B6BBB41} = {92756034-6581-3A7A-AF51-175F7B6BBB41}
		{C94445A3-3B49-36D8-9C5D-BAC61A00F883} = {C94445A3-3B49-36D8-9C5D-BAC61A00F883}
	EndProjectSection
EndProject
Project("{8BC9CEB8-8B4A-11D0-8D11-00A0C91BC942}") = "tutorial16_shadowmaps_simple", "tutorial16_shadowmaps_simple.vcxproj", "{AE289A78-B1CF-3983-854A-BA7670F6DF43}"
	ProjectSection(ProjectDependencies) = postProject
		{EF5DD3DF-BA88-38DC-AB76-6C517379781E} = {EF5DD3DF-BA88-38DC-AB76-6C517379781E}
		{92756034-6581-3A7A-AF51-175F7B6BBB41} = {92756034-6581-3A7A-AF51-175F7B6BBB41}
		{C94445A3-3B49-36D8-9C5D-BAC61A00F883} = {C94445A3-3B49-36D8-9C5D-BAC61A00F883}
	EndProjectSection
EndProject
Project("{8BC9CEB8-8B4A-11D0-8D11-00A0C91BC942}") = "tutorial17_rotations", "tutorial17_rotations.vcxproj", "{DA8ED3D7-FF17-3D33-9AA9-AF3D37EACB96}"
	ProjectSection(ProjectDependencies) = postProject
		{3D47077F-9935-3CEA-B0C0-8683AF574B77} = {3D47077F-9935-3CEA-B0C0-8683AF574B77}
		{EF5DD3DF-BA88-38DC-AB76-6C517379781E} = {EF5DD3DF-BA88-38DC-AB76-6C517379781E}
		{92756034-6581-3A7A-AF51-175F7B6BBB41} = {92756034-6581-3A7A-AF51-175F7B6BBB41}
		{C94445A3-3B49-36D8-9C5D-BAC61A00F883} = {C94445A3-3B49-36D8-9C5D-BAC61A00F883}
	EndProjectSection
EndProject
Project("{8BC9CEB8-8B4A-11D0-8D11-00A0C91BC942}") = "tutorial18_billboards", "tutorial18_billboards.vcxproj", "{7E0325BD-2648-3FA0-9531-EEDFD8DB07BE}"
	ProjectSection(ProjectDependencies) = postProject
		{EF5DD3DF-BA88-38DC-AB76-6C517379781E} = {EF5DD3DF-BA88-38DC-AB76-6C517379781E}
		{92756034-6581-3A7A-AF51-175F7B6BBB41} = {92756034-6581-3A7A-AF51-175F7B6BBB41}
		{C94445A3-3B49-36D8-9C5D-BAC61A00F883} = {C94445A3-3B49-36D8-9C5D-BAC61A00F883}
	EndProjectSection
EndProject
Project("{8BC9CEB8-8B4A-11D0-8D11-00A0C91BC942}") = "tutorial18_particles", "tutorial18_particles.vcxproj", "{EC91FB12-5513-3500-A647-F46AF081C12C}"
	ProjectSection(ProjectDependencies) = postProject
		{EF5DD3DF-BA88-38DC-AB76-6C517379781E} = {EF5DD3DF-BA88-38DC-AB76-6C517379781E}
		{92756034-6581-3A7A-AF51-175F7B6BBB41} = {92756034-6581-3A7A-AF51-175F7B6BBB41}
		{C94445A3-3B49-36D8-9C5D-BAC61A00F883} = {C94445A3-3B49-36D8-9C5D-BAC61A00F883}
	EndProjectSection
EndProject
Project("{8BC9CEB8-8B4A-11D0-8D11-00A0C91BC942}") = "uninstall", "external\glfw-3.1.2\uninstall.vcxproj", "{A1D663BA-6DB7-32C4-A442-08F0361AC074}"
	ProjectSection(ProjectDependencies) = postProject
		{92756034-6581-3A7A-AF51-175F7B6BBB41} = {92756034-6581-3A7A-AF51-175F7B6BBB41}
	EndProjectSection
EndProject
Project("{8BC9CEB8-8B4A-11D0-8D11-00A0C91BC942}") = "wave", "external\glfw-3.1.2\examples\wave.vcxproj", "{9D8228FD-22F8-3B89-AC43-6BD44769C2B4}"
	ProjectSection(ProjectDependencies) = postProject
		{92756034-6581-3A7A-AF51-175F7B6BBB41} = {92756034-6581-3A7A-AF51-175F7B6BBB41}
		{C94445A3-3B49-36D8-9C5D-BAC61A00F883} = {C94445A3-3B49-36D8-9C5D-BAC61A00F883}
	EndProjectSection
EndProject
Project("{8BC9CEB8-8B4A-11D0-8D11-00A0C91BC942}") = "windows", "external\glfw-3.1.2\tests\windows.vcxproj", "{AE78F072-EC72-35C2-ABC8-178389F9899D}"
	ProjectSection(ProjectDependencies) = postProject
		{92756034-6581-3A7A-AF51-175F7B6BBB41} = {92756034-6581-3A7A-AF51-175F7B6BBB41}
		{C94445A3-3B49-36D8-9C5D-BAC61A00F883} = {C94445A3-3B49-36D8-9C5D-BAC61A00F883}
	EndProjectSection
EndProject
Project("{8BC9CEB8-8B4A-11D0-8D11-00A0C91BC942}") = "zlib", "external\assimp-3.0.1270\contrib\zlib\zlib.vcxproj", "{7656FAD2-D8AD-3921-9A39-569C344BC5AF}"
	ProjectSection(ProjectDependencies) = postProject
		{92756034-6581-3A7A-AF51-175F7B6BBB41} = {92756034-6581-3A7A-AF51-175F7B6BBB41}
	EndProjectSection
EndProject
Global
	GlobalSection(SolutionConfigurationPlatforms) = preSolution
		Debug|x64 = Debug|x64
		Release|x64 = Release|x64
		MinSizeRel|x64 = MinSizeRel|x64
		RelWithDebInfo|x64 = RelWithDebInfo|x64
	EndGlobalSection
	GlobalSection(ProjectConfigurationPlatforms) = postSolution
		{F6C36C21-21D2-32AE-815B-8B2B6B71C015}.Debug|x64.ActiveCfg = Debug|x64
		{F6C36C21-21D2-32AE-815B-8B2B6B71C015}.Debug|x64.Build.0 = Debug|x64
		{F6C36C21-21D2-32AE-815B-8B2B6B71C015}.Release|x64.ActiveCfg = Release|x64
		{F6C36C21-21D2-32AE-815B-8B2B6B71C015}.Release|x64.Build.0 = Release|x64
		{F6C36C21-21D2-32AE-815B-8B2B6B71C015}.MinSizeRel|x64.ActiveCfg = MinSizeRel|x64
		{F6C36C21-21D2-32AE-815B-8B2B6B71C015}.MinSizeRel|x64.Build.0 = MinSizeRel|x64
		{F6C36C21-21D2-32AE-815B-8B2B6B71C015}.RelWithDebInfo|x64.ActiveCfg = RelWithDebInfo|x64
		{F6C36C21-21D2-32AE-815B-8B2B6B71C015}.RelWithDebInfo|x64.Build.0 = RelWithDebInfo|x64
		{3D47077F-9935-3CEA-B0C0-8683AF574B77}.Debug|x64.ActiveCfg = Debug|x64
		{3D47077F-9935-3CEA-B0C0-8683AF574B77}.Debug|x64.Build.0 = Debug|x64
		{3D47077F-9935-3CEA-B0C0-8683AF574B77}.Release|x64.ActiveCfg = Release|x64
		{3D47077F-9935-3CEA-B0C0-8683AF574B77}.Release|x64.Build.0 = Release|x64
		{3D47077F-9935-3CEA-B0C0-8683AF574B77}.MinSizeRel|x64.ActiveCfg = MinSizeRel|x64
		{3D47077F-9935-3CEA-B0C0-8683AF574B77}.MinSizeRel|x64.Build.0 = MinSizeRel|x64
		{3D47077F-9935-3CEA-B0C0-8683AF574B77}.RelWithDebInfo|x64.ActiveCfg = RelWithDebInfo|x64
		{3D47077F-9935-3CEA-B0C0-8683AF574B77}.RelWithDebInfo|x64.Build.0 = RelWithDebInfo|x64
		{060C6302-1685-3A3A-B0AD-4D4584D91773}.Debug|x64.ActiveCfg = Debug|x64
		{060C6302-1685-3A3A-B0AD-4D4584D91773}.Debug|x64.Build.0 = Debug|x64
		{060C6302-1685-3A3A-B0AD-4D4584D91773}.Release|x64.ActiveCfg = Release|x64
		{060C6302-1685-3A3A-B0AD-4D4584D91773}.Release|x64.Build.0 = Release|x64
		{060C6302-1685-3A3A-B0AD-4D4584D91773}.MinSizeRel|x64.ActiveCfg = MinSizeRel|x64
		{060C6302-1685-3A3A-B0AD-4D4584D91773}.MinSizeRel|x64.Build.0 = MinSizeRel|x64
		{060C6302-1685-3A3A-B0AD-4D4584D91773}.RelWithDebInfo|x64.ActiveCfg = RelWithDebInfo|x64
		{060C6302-1685-3A3A-B0AD-4D4584D91773}.RelWithDebInfo|x64.Build.0 = RelWithDebInfo|x64
		{6A72CB9A-7078-3214-B8EE-DC1ADB368ADE}.Debug|x64.ActiveCfg = Debug|x64
		{6A72CB9A-7078-3214-B8EE-DC1ADB368ADE}.Debug|x64.Build.0 = Debug|x64
		{6A72CB9A-7078-3214-B8EE-DC1ADB368ADE}.Release|x64.ActiveCfg = Release|x64
		{6A72CB9A-7078-3214-B8EE-DC1ADB368ADE}.Release|x64.Build.0 = Release|x64
		{6A72CB9A-7078-3214-B8EE-DC1ADB368ADE}.MinSizeRel|x64.ActiveCfg = MinSizeRel|x64
		{6A72CB9A-7078-3214-B8EE-DC1ADB368ADE}.MinSizeRel|x64.Build.0 = MinSizeRel|x64
		{6A72CB9A-7078-3214-B8EE-DC1ADB368ADE}.RelWithDebInfo|x64.ActiveCfg = RelWithDebInfo|x64
		{6A72CB9A-7078-3214-B8EE-DC1ADB368ADE}.RelWithDebInfo|x64.Build.0 = RelWithDebInfo|x64
		{B9C06B5F-B8AC-30AD-8DB2-35186D686FBC}.Debug|x64.ActiveCfg = Debug|x64
		{B9C06B5F-B8AC-30AD-8DB2-35186D686FBC}.Debug|x64.Build.0 = Debug|x64
		{B9C06B5F-B8AC-30AD-8DB2-35186D686FBC}.Release|x64.ActiveCfg = Release|x64
		{B9C06B5F-B8AC-30AD-8DB2-35186D686FBC}.Release|x64.Build.0 = Release|x64
		{B9C06B5F-B8AC-30AD-8DB2-35186D686FBC}.MinSizeRel|x64.ActiveCfg = MinSizeRel|x64
		{B9C06B5F-B8AC-30AD-8DB2-35186D686FBC}.MinSizeRel|x64.Build.0 = MinSizeRel|x64
		{B9C06B5F-B8AC-30AD-8DB2-35186D686FBC}.RelWithDebInfo|x64.ActiveCfg = RelWithDebInfo|x64
		{B9C06B5F-B8AC-30AD-8DB2-35186D686FBC}.RelWithDebInfo|x64.Build.0 = RelWithDebInfo|x64
		{EF5DD3DF-BA88-38DC-AB76-6C517379781E}.Debug|x64.ActiveCfg = Debug|x64
		{EF5DD3DF-BA88-38DC-AB76-6C517379781E}.Debug|x64.Build.0 = Debug|x64
		{EF5DD3DF-BA88-38DC-AB76-6C517379781E}.Release|x64.ActiveCfg = Release|x64
		{EF5DD3DF-BA88-38DC-AB76-6C517379781E}.Release|x64.Build.0 = Release|x64
		{EF5DD3DF-BA88-38DC-AB76-6C517379781E}.MinSizeRel|x64.ActiveCfg = MinSizeRel|x64
		{EF5DD3DF-BA88-38DC-AB76-6C517379781E}.MinSizeRel|x64.Build.0 = MinSizeRel|x64
		{EF5DD3DF-BA88-38DC-AB76-6C517379781E}.RelWithDebInfo|x64.ActiveCfg = RelWithDebInfo|x64
		{EF5DD3DF-BA88-38DC-AB76-6C517379781E}.RelWithDebInfo|x64.Build.0 = RelWithDebInfo|x64
		{A5B92E7D-82F9-3CF1-A005-0BA5F612F025}.Debug|x64.ActiveCfg = Debug|x64
		{A5B92E7D-82F9-3CF1-A005-0BA5F612F025}.Release|x64.ActiveCfg = Release|x64
		{A5B92E7D-82F9-3CF1-A005-0BA5F612F025}.MinSizeRel|x64.ActiveCfg = MinSizeRel|x64
		{A5B92E7D-82F9-3CF1-A005-0BA5F612F025}.RelWithDebInfo|x64.ActiveCfg = RelWithDebInfo|x64
		{CB8F0F00-29C9-3ACF-9BD0-E417231DFC6A}.Debug|x64.ActiveCfg = Debug|x64
		{CB8F0F00-29C9-3ACF-9BD0-E417231DFC6A}.Debug|x64.Build.0 = Debug|x64
		{CB8F0F00-29C9-3ACF-9BD0-E417231DFC6A}.Release|x64.ActiveCfg = Release|x64
		{CB8F0F00-29C9-3ACF-9BD0-E417231DFC6A}.Release|x64.Build.0 = Release|x64
		{CB8F0F00-29C9-3ACF-9BD0-E417231DFC6A}.MinSizeRel|x64.ActiveCfg = MinSizeRel|x64
		{CB8F0F00-29C9-3ACF-9BD0-E417231DFC6A}.MinSizeRel|x64.Build.0 = MinSizeRel|x64
		{CB8F0F00-29C9-3ACF-9BD0-E417231DFC6A}.RelWithDebInfo|x64.ActiveCfg = RelWithDebInfo|x64
		{CB8F0F00-29C9-3ACF-9BD0-E417231DFC6A}.RelWithDebInfo|x64.Build.0 = RelWithDebInfo|x64
		{92756034-6581-3A7A-AF51-175F7B6BBB41}.Debug|x64.ActiveCfg = Debug|x64
		{92756034-6581-3A7A-AF51-175F7B6BBB41}.Debug|x64.Build.0 = Debug|x64
		{92756034-6581-3A7A-AF51-175F7B6BBB41}.Release|x64.ActiveCfg = Release|x64
		{92756034-6581-3A7A-AF51-175F7B6BBB41}.Release|x64.Build.0 = Release|x64
		{92756034-6581-3A7A-AF51-175F7B6BBB41}.MinSizeRel|x64.ActiveCfg = MinSizeRel|x64
		{92756034-6581-3A7A-AF51-175F7B6BBB41}.MinSizeRel|x64.Build.0 = MinSizeRel|x64
		{92756034-6581-3A7A-AF51-175F7B6BBB41}.RelWithDebInfo|x64.ActiveCfg = RelWithDebInfo|x64
		{92756034-6581-3A7A-AF51-175F7B6BBB41}.RelWithDebInfo|x64.Build.0 = RelWithDebInfo|x64
		{73F6085E-A27B-3EA4-BB39-577CB8EFF6A7}.Debug|x64.ActiveCfg = Debug|x64
		{73F6085E-A27B-3EA4-BB39-577CB8EFF6A7}.Debug|x64.Build.0 = Debug|x64
		{73F6085E-A27B-3EA4-BB39-577CB8EFF6A7}.Release|x64.ActiveCfg = Release|x64
		{73F6085E-A27B-3EA4-BB39-577CB8EFF6A7}.Release|x64.Build.0 = Release|x64
		{73F6085E-A27B-3EA4-BB39-577CB8EFF6A7}.MinSizeRel|x64.ActiveCfg = MinSizeRel|x64
		{73F6085E-A27B-3EA4-BB39-577CB8EFF6A7}.MinSizeRel|x64.Build.0 = MinSizeRel|x64
		{73F6085E-A27B-3EA4-BB39-577CB8EFF6A7}.RelWithDebInfo|x64.ActiveCfg = RelWithDebInfo|x64
		{73F6085E-A27B-3EA4-BB39-577CB8EFF6A7}.RelWithDebInfo|x64.Build.0 = RelWithDebInfo|x64
		{845AF058-3A4D-39B5-BA56-C6B0D856F55B}.Debug|x64.ActiveCfg = Debug|x64
		{845AF058-3A4D-39B5-BA56-C6B0D856F55B}.Debug|x64.Build.0 = Debug|x64
		{845AF058-3A4D-39B5-BA56-C6B0D856F55B}.Release|x64.ActiveCfg = Release|x64
		{845AF058-3A4D-39B5-BA56-C6B0D856F55B}.Release|x64.Build.0 = Release|x64
		{845AF058-3A4D-39B5-BA56-C6B0D856F55B}.MinSizeRel|x64.ActiveCfg = MinSizeRel|x64
		{845AF058-3A4D-39B5-BA56-C6B0D856F55B}.MinSizeRel|x64.Build.0 = MinSizeRel|x64
		{845AF058-3A4D-39B5-BA56-C6B0D856F55B}.RelWithDebInfo|x64.ActiveCfg = RelWithDebInfo|x64
		{845AF058-3A4D-39B5-BA56-C6B0D856F55B}.RelWithDebInfo|x64.Build.0 = RelWithDebInfo|x64
		{F0B37961-0632-38DD-813A-6AB114D16A95}.Debug|x64.ActiveCfg = Debug|x64
		{F0B37961-0632-38DD-813A-6AB114D16A95}.Debug|x64.Build.0 = Debug|x64
		{F0B37961-0632-38DD-813A-6AB114D16A95}.Release|x64.ActiveCfg = Release|x64
		{F0B37961-0632-38DD-813A-6AB114D16A95}.Release|x64.Build.0 = Release|x64
		{F0B37961-0632-38DD-813A-6AB114D16A95}.MinSizeRel|x64.ActiveCfg = MinSizeRel|x64
		{F0B37961-0632-38DD-813A-6AB114D16A95}.MinSizeRel|x64.Build.0 = MinSizeRel|x64
		{F0B37961-0632-38DD-813A-6AB114D16A95}.RelWithDebInfo|x64.ActiveCfg = RelWithDebInfo|x64
		{F0B37961-0632-38DD-813A-6AB114D16A95}.RelWithDebInfo|x64.Build.0 = RelWithDebInfo|x64
		{72FD0D9F-293F-3B03-91CC-A96F35E6BB17}.Debug|x64.ActiveCfg = Debug|x64
		{72FD0D9F-293F-3B03-91CC-A96F35E6BB17}.Debug|x64.Build.0 = Debug|x64
		{72FD0D9F-293F-3B03-91CC-A96F35E6BB17}.Release|x64.ActiveCfg = Release|x64
		{72FD0D9F-293F-3B03-91CC-A96F35E6BB17}.Release|x64.Build.0 = Release|x64
		{72FD0D9F-293F-3B03-91CC-A96F35E6BB17}.MinSizeRel|x64.ActiveCfg = MinSizeRel|x64
		{72FD0D9F-293F-3B03-91CC-A96F35E6BB17}.MinSizeRel|x64.Build.0 = MinSizeRel|x64
		{72FD0D9F-293F-3B03-91CC-A96F35E6BB17}.RelWithDebInfo|x64.ActiveCfg = RelWithDebInfo|x64
		{72FD0D9F-293F-3B03-91CC-A96F35E6BB17}.RelWithDebInfo|x64.Build.0 = RelWithDebInfo|x64
		{FE41D406-29A5-356C-A388-B3C5C33299DC}.Debug|x64.ActiveCfg = Debug|x64
		{FE41D406-29A5-356C-A388-B3C5C33299DC}.Debug|x64.Build.0 = Debug|x64
		{FE41D406-29A5-356C-A388-B3C5C33299DC}.Release|x64.ActiveCfg = Release|x64
		{FE41D406-29A5-356C-A388-B3C5C33299DC}.Release|x64.Build.0 = Release|x64
		{FE41D406-29A5-356C-A388-B3C5C33299DC}.MinSizeRel|x64.ActiveCfg = MinSizeRel|x64
		{FE41D406-29A5-356C-A388-B3C5C33299DC}.MinSizeRel|x64.Build.0 = MinSizeRel|x64
		{FE41D406-29A5-356C-A388-B3C5C33299DC}.RelWithDebInfo|x64.ActiveCfg = RelWithDebInfo|x64
		{FE41D406-29A5-356C-A388-B3C5C33299DC}.RelWithDebInfo|x64.Build.0 = RelWithDebInfo|x64
		{5E8B9CD6-E990-344F-A1F3-E37E38E75BAE}.Debug|x64.ActiveCfg = Debug|x64
		{5E8B9CD6-E990-344F-A1F3-E37E38E75BAE}.Debug|x64.Build.0 = Debug|x64
		{5E8B9CD6-E990-344F-A1F3-E37E38E75BAE}.Release|x64.ActiveCfg = Release|x64
		{5E8B9CD6-E990-344F-A1F3-E37E38E75BAE}.Release|x64.Build.0 = Release|x64
		{5E8B9CD6-E990-344F-A1F3-E37E38E75BAE}.MinSizeRel|x64.ActiveCfg = MinSizeRel|x64
		{5E8B9CD6-E990-344F-A1F3-E37E38E75BAE}.MinSizeRel|x64.Build.0 = MinSizeRel|x64
		{5E8B9CD6-E990-344F-A1F3-E37E38E75BAE}.RelWithDebInfo|x64.ActiveCfg = RelWithDebInfo|x64
		{5E8B9CD6-E990-344F-A1F3-E37E38E75BAE}.RelWithDebInfo|x64.Build.0 = RelWithDebInfo|x64
		{D509822B-9404-31B8-9F90-62AD3E9EE359}.Debug|x64.ActiveCfg = Debug|x64
		{D509822B-9404-31B8-9F90-62AD3E9EE359}.Debug|x64.Build.0 = Debug|x64
		{D509822B-9404-31B8-9F90-62AD3E9EE359}.Release|x64.ActiveCfg = Release|x64
		{D509822B-9404-31B8-9F90-62AD3E9EE359}.Release|x64.Build.0 = Release|x64
		{D509822B-9404-31B8-9F90-62AD3E9EE359}.MinSizeRel|x64.ActiveCfg = MinSizeRel|x64
		{D509822B-9404-31B8-9F90-62AD3E9EE359}.MinSizeRel|x64.Build.0 = MinSizeRel|x64
		{D509822B-9404-31B8-9F90-62AD3E9EE359}.RelWithDebInfo|x64.ActiveCfg = RelWithDebInfo|x64
		{D509822B-9404-31B8-9F90-62AD3E9EE359}.RelWithDebInfo|x64.Build.0 = RelWithDebInfo|x64
		{BD21F75E-1661-3FC0-9659-B8C6C758DD54}.Debug|x64.ActiveCfg = Debug|x64
		{BD21F75E-1661-3FC0-9659-B8C6C758DD54}.Debug|x64.Build.0 = Debug|x64
		{BD21F75E-1661-3FC0-9659-B8C6C758DD54}.Release|x64.ActiveCfg = Release|x64
		{BD21F75E-1661-3FC0-9659-B8C6C758DD54}.Release|x64.Build.0 = Release|x64
		{BD21F75E-1661-3FC0-9659-B8C6C758DD54}.MinSizeRel|x64.ActiveCfg = MinSizeRel|x64
		{BD21F75E-1661-3FC0-9659-B8C6C758DD54}.MinSizeRel|x64.Build.0 = MinSizeRel|x64
		{BD21F75E-1661-3FC0-9659-B8C6C758DD54}.RelWithDebInfo|x64.ActiveCfg = RelWithDebInfo|x64
		{BD21F75E-1661-3FC0-9659-B8C6C758DD54}.RelWithDebInfo|x64.Build.0 = RelWithDebInfo|x64
		{C94445A3-3B49-36D8-9C5D-BAC61A00F883}.Debug|x64.ActiveCfg = Debug|x64
		{C94445A3-3B49-36D8-9C5D-BAC61A00F883}.Debug|x64.Build.0 = Debug|x64
		{C94445A3-3B49-36D8-9C5D-BAC61A00F883}.Release|x64.ActiveCfg = Release|x64
		{C94445A3-3B49-36D8-9C5D-BAC61A00F883}.Release|x64.Build.0 = Release|x64
		{C94445A3-3B49-36D8-9C5D-BAC61A00F883}.MinSizeRel|x64.ActiveCfg = MinSizeRel|x64
		{C94445A3-3B49-36D8-9C5D-BAC61A00F883}.MinSizeRel|x64.Build.0 = MinSizeRel|x64
		{C94445A3-3B49-36D8-9C5D-BAC61A00F883}.RelWithDebInfo|x64.ActiveCfg = RelWithDebInfo|x64
		{C94445A3-3B49-36D8-9C5D-BAC61A00F883}.RelWithDebInfo|x64.Build.0 = RelWithDebInfo|x64
		{7B364709-12B6-3DE6-80D9-BE4E7AC0B4C8}.Debug|x64.ActiveCfg = Debug|x64
		{7B364709-12B6-3DE6-80D9-BE4E7AC0B4C8}.Debug|x64.Build.0 = Debug|x64
		{7B364709-12B6-3DE6-80D9-BE4E7AC0B4C8}.Release|x64.ActiveCfg = Release|x64
		{7B364709-12B6-3DE6-80D9-BE4E7AC0B4C8}.Release|x64.Build.0 = Release|x64
		{7B364709-12B6-3DE6-80D9-BE4E7AC0B4C8}.MinSizeRel|x64.ActiveCfg = MinSizeRel|x64
		{7B364709-12B6-3DE6-80D9-BE4E7AC0B4C8}.MinSizeRel|x64.Build.0 = MinSizeRel|x64
		{7B364709-12B6-3DE6-80D9-BE4E7AC0B4C8}.RelWithDebInfo|x64.ActiveCfg = RelWithDebInfo|x64
		{7B364709-12B6-3DE6-80D9-BE4E7AC0B4C8}.RelWithDebInfo|x64.Build.0 = RelWithDebInfo|x64
		{88DA620E-5FF7-3A0E-99A7-16FCFFDDC830}.Debug|x64.ActiveCfg = Debug|x64
		{88DA620E-5FF7-3A0E-99A7-16FCFFDDC830}.Debug|x64.Build.0 = Debug|x64
		{88DA620E-5FF7-3A0E-99A7-16FCFFDDC830}.Release|x64.ActiveCfg = Release|x64
		{88DA620E-5FF7-3A0E-99A7-16FCFFDDC830}.Release|x64.Build.0 = Release|x64
		{88DA620E-5FF7-3A0E-99A7-16FCFFDDC830}.MinSizeRel|x64.ActiveCfg = MinSizeRel|x64
		{88DA620E-5FF7-3A0E-99A7-16FCFFDDC830}.MinSizeRel|x64.Build.0 = MinSizeRel|x64
		{88DA620E-5FF7-3A0E-99A7-16FCFFDDC830}.RelWithDebInfo|x64.ActiveCfg = RelWithDebInfo|x64
		{88DA620E-5FF7-3A0E-99A7-16FCFFDDC830}.RelWithDebInfo|x64.Build.0 = RelWithDebInfo|x64
		{A082446B-4835-3C75-A119-B170B1B6994A}.Debug|x64.ActiveCfg = Debug|x64
		{A082446B-4835-3C75-A119-B170B1B6994A}.Debug|x64.Build.0 = Debug|x64
		{A082446B-4835-3C75-A119-B170B1B6994A}.Release|x64.ActiveCfg = Release|x64
		{A082446B-4835-3C75-A119-B170B1B6994A}.Release|x64.Build.0 = Release|x64
		{A082446B-4835-3C75-A119-B170B1B6994A}.MinSizeRel|x64.ActiveCfg = MinSizeRel|x64
		{A082446B-4835-3C75-A119-B170B1B6994A}.MinSizeRel|x64.Build.0 = MinSizeRel|x64
		{A082446B-4835-3C75-A119-B170B1B6994A}.RelWithDebInfo|x64.ActiveCfg = RelWithDebInfo|x64
		{A082446B-4835-3C75-A119-B170B1B6994A}.RelWithDebInfo|x64.Build.0 = RelWithDebInfo|x64
		{5DD30A0F-DB3D-3F9F-82EB-6886D93D385C}.Debug|x64.ActiveCfg = Debug|x64
		{5DD30A0F-DB3D-3F9F-82EB-6886D93D385C}.Debug|x64.Build.0 = Debug|x64
		{5DD30A0F-DB3D-3F9F-82EB-6886D93D385C}.Release|x64.ActiveCfg = Release|x64
		{5DD30A0F-DB3D-3F9F-82EB-6886D93D385C}.Release|x64.Build.0 = Release|x64
		{5DD30A0F-DB3D-3F9F-82EB-6886D93D385C}.MinSizeRel|x64.ActiveCfg = MinSizeRel|x64
		{5DD30A0F-DB3D-3F9F-82EB-6886D93D385C}.MinSizeRel|x64.Build.0 = MinSizeRel|x64
		{5DD30A0F-DB3D-3F9F-82EB-6886D93D385C}.RelWithDebInfo|x64.ActiveCfg = RelWithDebInfo|x64
		{5DD30A0F-DB3D-3F9F-82EB-6886D93D385C}.RelWithDebInfo|x64.Build.0 = RelWithDebInfo|x64
		{6773E938-3A23-39EA-83ED-CD2655D95C13}.Debug|x64.ActiveCfg = Debug|x64
		{6773E938-3A23-39EA-83ED-CD2655D95C13}.Debug|x64.Build.0 = Debug|x64
		{6773E938-3A23-39EA-83ED-CD2655D95C13}.Release|x64.ActiveCfg = Release|x64
		{6773E938-3A23-39EA-83ED-CD2655D95C13}.Release|x64.Build.0 = Release|x64
		{6773E938-3A23-39EA-83ED-CD2655D95C13}.MinSizeRel|x64.ActiveCfg = MinSizeRel|x64
		{6773E938-3A23-39EA-83ED-CD2655D95C13}.MinSizeRel|x64.Build.0 = MinSizeRel|x64
		{6773E938-3A23-39EA-83ED-CD2655D95C13}.RelWithDebInfo|x64.ActiveCfg = RelWithDebInfo|x64
		{6773E938-3A23-39EA-83ED-CD2655D95C13}.RelWithDebInfo|x64.Build.0 = RelWithDebInfo|x64
		{9E591116-B8F5-3E77-B06E-866B2F33BE4F}.Debug|x64.ActiveCfg = Debug|x64
		{9E591116-B8F5-3E77-B06E-866B2F33BE4F}.Debug|x64.Build.0 = Debug|x64
		{9E591116-B8F5-3E77-B06E-866B2F33BE4F}.Release|x64.ActiveCfg = Release|x64
		{9E591116-B8F5-3E77-B06E-866B2F33BE4F}.Release|x64.Build.0 = Release|x64
		{9E591116-B8F5-3E77-B06E-866B2F33BE4F}.MinSizeRel|x64.ActiveCfg = MinSizeRel|x64
		{9E591116-B8F5-3E77-B06E-866B2F33BE4F}.MinSizeRel|x64.Build.0 = MinSizeRel|x64
		{9E591116-B8F5-3E77-B06E-866B2F33BE4F}.RelWithDebInfo|x64.ActiveCfg = RelWithDebInfo|x64
		{9E591116-B8F5-3E77-B06E-866B2F33BE4F}.RelWithDebInfo|x64.Build.0 = RelWithDebInfo|x64
		{7389C7D8-B277-375C-BED7-4A0626636209}.Debug|x64.ActiveCfg = Debug|x64
		{7389C7D8-B277-375C-BED7-4A0626636209}.Debug|x64.Build.0 = Debug|x64
		{7389C7D8-B277-375C-BED7-4A0626636209}.Release|x64.ActiveCfg = Release|x64
		{7389C7D8-B277-375C-BED7-4A0626636209}.Release|x64.Build.0 = Release|x64
		{7389C7D8-B277-375C-BED7-4A0626636209}.MinSizeRel|x64.ActiveCfg = MinSizeRel|x64
		{7389C7D8-B277-375C-BED7-4A0626636209}.MinSizeRel|x64.Build.0 = MinSizeRel|x64
		{7389C7D8-B277-375C-BED7-4A0626636209}.RelWithDebInfo|x64.ActiveCfg = RelWithDebInfo|x64
		{7389C7D8-B277-375C-BED7-4A0626636209}.RelWithDebInfo|x64.Build.0 = RelWithDebInfo|x64
		{894FEB88-CA20-3397-8A32-D1C05D32BBED}.Debug|x64.ActiveCfg = Debug|x64
		{894FEB88-CA20-3397-8A32-D1C05D32BBED}.Debug|x64.Build.0 = Debug|x64
		{894FEB88-CA20-3397-8A32-D1C05D32BBED}.Release|x64.ActiveCfg = Release|x64
		{894FEB88-CA20-3397-8A32-D1C05D32BBED}.Release|x64.Build.0 = Release|x64
		{894FEB88-CA20-3397-8A32-D1C05D32BBED}.MinSizeRel|x64.ActiveCfg = MinSizeRel|x64
		{894FEB88-CA20-3397-8A32-D1C05D32BBED}.MinSizeRel|x64.Build.0 = MinSizeRel|x64
		{894FEB88-CA20-3397-8A32-D1C05D32BBED}.RelWithDebInfo|x64.ActiveCfg = RelWithDebInfo|x64
		{894FEB88-CA20-3397-8A32-D1C05D32BBED}.RelWithDebInfo|x64.Build.0 = RelWithDebInfo|x64
		{1C06D1AC-3F65-3A4F-85E9-E5E32F6DEAA4}.Debug|x64.ActiveCfg = Debug|x64
		{1C06D1AC-3F65-3A4F-85E9-E5E32F6DEAA4}.Debug|x64.Build.0 = Debug|x64
		{1C06D1AC-3F65-3A4F-85E9-E5E32F6DEAA4}.Release|x64.ActiveCfg = Release|x64
		{1C06D1AC-3F65-3A4F-85E9-E5E32F6DEAA4}.Release|x64.Build.0 = Release|x64
		{1C06D1AC-3F65-3A4F-85E9-E5E32F6DEAA4}.MinSizeRel|x64.ActiveCfg = MinSizeRel|x64
		{1C06D1AC-3F65-3A4F-85E9-E5E32F6DEAA4}.MinSizeRel|x64.Build.0 = MinSizeRel|x64
		{1C06D1AC-3F65-3A4F-85E9-E5E32F6DEAA4}.RelWithDebInfo|x64.ActiveCfg = RelWithDebInfo|x64
		{1C06D1AC-3F65-3A4F-85E9-E5E32F6DEAA4}.RelWithDebInfo|x64.Build.0 = RelWithDebInfo|x64
		{12C35530-DFFC-39AB-9ED8-2742F7E208DB}.Debug|x64.ActiveCfg = Debug|x64
		{12C35530-DFFC-39AB-9ED8-2742F7E208DB}.Debug|x64.Build.0 = Debug|x64
		{12C35530-DFFC-39AB-9ED8-2742F7E208DB}.Release|x64.ActiveCfg = Release|x64
		{12C35530-DFFC-39AB-9ED8-2742F7E208DB}.Release|x64.Build.0 = Release|x64
		{12C35530-DFFC-39AB-9ED8-2742F7E208DB}.MinSizeRel|x64.ActiveCfg = MinSizeRel|x64
		{12C35530-DFFC-39AB-9ED8-2742F7E208DB}.MinSizeRel|x64.Build.0 = MinSizeRel|x64
		{12C35530-DFFC-39AB-9ED8-2742F7E208DB}.RelWithDebInfo|x64.ActiveCfg = RelWithDebInfo|x64
		{12C35530-DFFC-39AB-9ED8-2742F7E208DB}.RelWithDebInfo|x64.Build.0 = RelWithDebInfo|x64
		{BD5233F6-F013-3F99-81DF-4544520FBE1D}.Debug|x64.ActiveCfg = Debug|x64
		{BD5233F6-F013-3F99-81DF-4544520FBE1D}.Debug|x64.Build.0 = Debug|x64
		{BD5233F6-F013-3F99-81DF-4544520FBE1D}.Release|x64.ActiveCfg = Release|x64
		{BD5233F6-F013-3F99-81DF-4544520FBE1D}.Release|x64.Build.0 = Release|x64
		{BD5233F6-F013-3F99-81DF-4544520FBE1D}.MinSizeRel|x64.ActiveCfg = MinSizeRel|x64
		{BD5233F6-F013-3F99-81DF-4544520FBE1D}.MinSizeRel|x64.Build.0 = MinSizeRel|x64
		{BD5233F6-F013-3F99-81DF-4544520FBE1D}.RelWithDebInfo|x64.ActiveCfg = RelWithDebInfo|x64
		{BD5233F6-F013-3F99-81DF-4544520FBE1D}.RelWithDebInfo|x64.Build.0 = RelWithDebInfo|x64
		{DE0E747B-CE31-3497-989F-3AF953C7A18C}.Debug|x64.ActiveCfg = Debug|x64
		{DE0E747B-CE31-3497-989F-3AF953C7A18C}.Debug|x64.Build.0 = Debug|x64
		{DE0E747B-CE31-3497-989F-3AF953C7A18C}.Release|x64.ActiveCfg = Release|x64
		{DE0E747B-CE31-3497-989F-3AF953C7A18C}.Release|x64.Build.0 = Release|x64
		{DE0E747B-CE31-3497-989F-3AF953C7A18C}.MinSizeRel|x64.ActiveCfg = MinSizeRel|x64
		{DE0E747B-CE31-3497-989F-3AF953C7A18C}.MinSizeRel|x64.Build.0 = MinSizeRel|x64
		{DE0E747B-CE31-3497-989F-3AF953C7A18C}.RelWithDebInfo|x64.ActiveCfg = RelWithDebInfo|x64
		{DE0E747B-CE31-3497-989F-3AF953C7A18C}.RelWithDebInfo|x64.Build.0 = RelWithDebInfo|x64
		{38D4C093-94B6-3183-9541-100B80E45404}.Debug|x64.ActiveCfg = Debug|x64
		{38D4C093-94B6-3183-9541-100B80E45404}.Debug|x64.Build.0 = Debug|x64
		{38D4C093-94B6-3183-9541-100B80E45404}.Release|x64.ActiveCfg = Release|x64
		{38D4C093-94B6-3183-9541-100B80E45404}.Release|x64.Build.0 = Release|x64
		{38D4C093-94B6-3183-9541-100B80E45404}.MinSizeRel|x64.ActiveCfg = MinSizeRel|x64
		{38D4C093-94B6-3183-9541-100B80E45404}.MinSizeRel|x64.Build.0 = MinSizeRel|x64
		{38D4C093-94B6-3183-9541-100B80E45404}.RelWithDebInfo|x64.ActiveCfg = RelWithDebInfo|x64
		{38D4C093-94B6-3183-9541-100B80E45404}.RelWithDebInfo|x64.Build.0 = RelWithDebInfo|x64
		{74638F99-A1A3-35BF-A456-5AA4FF418A52}.Debug|x64.ActiveCfg = Debug|x64
		{74638F99-A1A3-35BF-A456-5AA4FF418A52}.Debug|x64.Build.0 = Debug|x64
		{74638F99-A1A3-35BF-A456-5AA4FF418A52}.Release|x64.ActiveCfg = Release|x64
		{74638F99-A1A3-35BF-A456-5AA4FF418A52}.Release|x64.Build.0 = Release|x64
		{74638F99-A1A3-35BF-A456-5AA4FF418A52}.MinSizeRel|x64.ActiveCfg = MinSizeRel|x64
		{74638F99-A1A3-35BF-A456-5AA4FF418A52}.MinSizeRel|x64.Build.0 = MinSizeRel|x64
		{74638F99-A1A3-35BF-A456-5AA4FF418A52}.RelWithDebInfo|x64.ActiveCfg = RelWithDebInfo|x64
		{74638F99-A1A3-35BF-A456-5AA4FF418A52}.RelWithDebInfo|x64.Build.0 = RelWithDebInfo|x64
		{0790D64C-FC4B-3E73-828B-8AE5A570FC23}.Debug|x64.ActiveCfg = Debug|x64
		{0790D64C-FC4B-3E73-828B-8AE5A570FC23}.Debug|x64.Build.0 = Debug|x64
		{0790D64C-FC4B-3E73-828B-8AE5A570FC23}.Release|x64.ActiveCfg = Release|x64
		{0790D64C-FC4B-3E73-828B-8AE5A570FC23}.Release|x64.Build.0 = Release|x64
		{0790D64C-FC4B-3E73-828B-8AE5A570FC23}.MinSizeRel|x64.ActiveCfg = MinSizeRel|x64
		{0790D64C-FC4B-3E73-828B-8AE5A570FC23}.MinSizeRel|x64.Build.0 = MinSizeRel|x64
		{0790D64C-FC4B-3E73-828B-8AE5A570FC23}.RelWithDebInfo|x64.ActiveCfg = RelWithDebInfo|x64
		{0790D64C-FC4B-3E73-828B-8AE5A570FC23}.RelWithDebInfo|x64.Build.0 = RelWithDebInfo|x64
		{4FDC056C-C55D-359D-A8BF-E02C6924FFD8}.Debug|x64.ActiveCfg = Debug|x64
		{4FDC056C-C55D-359D-A8BF-E02C6924FFD8}.Debug|x64.Build.0 = Debug|x64
		{4FDC056C-C55D-359D-A8BF-E02C6924FFD8}.Release|x64.ActiveCfg = Release|x64
		{4FDC056C-C55D-359D-A8BF-E02C6924FFD8}.Release|x64.Build.0 = Release|x64
		{4FDC056C-C55D-359D-A8BF-E02C6924FFD8}.MinSizeRel|x64.ActiveCfg = MinSizeRel|x64
		{4FDC056C-C55D-359D-A8BF-E02C6924FFD8}.MinSizeRel|x64.Build.0 = MinSizeRel|x64
		{4FDC056C-C55D-359D-A8BF-E02C6924FFD8}.RelWithDebInfo|x64.ActiveCfg = RelWithDebInfo|x64
		{4FDC056C-C55D-359D-A8BF-E02C6924FFD8}.RelWithDebInfo|x64.Build.0 = RelWithDebInfo|x64
		{64FDC3E0-FF57-3D18-99B5-9815A66489BB}.Debug|x64.ActiveCfg = Debug|x64
		{64FDC3E0-FF57-3D18-99B5-9815A66489BB}.Debug|x64.Build.0 = Debug|x64
		{64FDC3E0-FF57-3D18-99B5-9815A66489BB}.Release|x64.ActiveCfg = Release|x64
		{64FDC3E0-FF57-3D18-99B5-9815A66489BB}.Release|x64.Build.0 = Release|x64
		{64FDC3E0-FF57-3D18-99B5-9815A66489BB}.MinSizeRel|x64.ActiveCfg = MinSizeRel|x64
		{64FDC3E0-FF57-3D18-99B5-9815A66489BB}.MinSizeRel|x64.Build.0 = MinSizeRel|x64
		{64FDC3E0-FF57-3D18-99B5-9815A66489BB}.RelWithDebInfo|x64.ActiveCfg = RelWithDebInfo|x64
		{64FDC3E0-FF57-3D18-99B5-9815A66489BB}.RelWithDebInfo|x64.Build.0 = RelWithDebInfo|x64
		{333C2C36-F8DB-309B-AF03-E57E4936A964}.Debug|x64.ActiveCfg = Debug|x64
		{333C2C36-F8DB-309B-AF03-E57E4936A964}.Debug|x64.Build.0 = Debug|x64
		{333C2C36-F8DB-309B-AF03-E57E4936A964}.Release|x64.ActiveCfg = Release|x64
		{333C2C36-F8DB-309B-AF03-E57E4936A964}.Release|x64.Build.0 = Release|x64
		{333C2C36-F8DB-309B-AF03-E57E4936A964}.MinSizeRel|x64.ActiveCfg = MinSizeRel|x64
		{333C2C36-F8DB-309B-AF03-E57E4936A964}.MinSizeRel|x64.Build.0 = MinSizeRel|x64
		{333C2C36-F8DB-309B-AF03-E57E4936A964}.RelWithDebInfo|x64.ActiveCfg = RelWithDebInfo|x64
		{333C2C36-F8DB-309B-AF03-E57E4936A964}.RelWithDebInfo|x64.Build.0 = RelWithDebInfo|x64
		{1E826DC1-7310-3492-BC91-D9843C0CA181}.Debug|x64.ActiveCfg = Debug|x64
		{1E826DC1-7310-3492-BC91-D9843C0CA181}.Debug|x64.Build.0 = Debug|x64
		{1E826DC1-7310-3492-BC91-D9843C0CA181}.Release|x64.ActiveCfg = Release|x64
		{1E826DC1-7310-3492-BC91-D9843C0CA181}.Release|x64.Build.0 = Release|x64
		{1E826DC1-7310-3492-BC91-D9843C0CA181}.MinSizeRel|x64.ActiveCfg = MinSizeRel|x64
		{1E826DC1-7310-3492-BC91-D9843C0CA181}.MinSizeRel|x64.Build.0 = MinSizeRel|x64
		{1E826DC1-7310-3492-BC91-D9843C0CA181}.RelWithDebInfo|x64.ActiveCfg = RelWithDebInfo|x64
		{1E826DC1-7310-3492-BC91-D9843C0CA181}.RelWithDebInfo|x64.Build.0 = RelWithDebInfo|x64
		{B3B9FD27-3FEA-3507-BD07-5479A48702B9}.Debug|x64.ActiveCfg = Debug|x64
		{B3B9FD27-3FEA-3507-BD07-5479A48702B9}.Debug|x64.Build.0 = Debug|x64
		{B3B9FD27-3FEA-3507-BD07-5479A48702B9}.Release|x64.ActiveCfg = Release|x64
		{B3B9FD27-3FEA-3507-BD07-5479A48702B9}.Release|x64.Build.0 = Release|x64
		{B3B9FD27-3FEA-3507-BD07-5479A48702B9}.MinSizeRel|x64.ActiveCfg = MinSizeRel|x64
		{B3B9FD27-3FEA-3507-BD07-5479A48702B9}.MinSizeRel|x64.Build.0 = MinSizeRel|x64
		{B3B9FD27-3FEA-3507-BD07-5479A48702B9}.RelWithDebInfo|x64.ActiveCfg = RelWithDebInfo|x64
		{B3B9FD27-3FEA-3507-BD07-5479A48702B9}.RelWithDebInfo|x64.Build.0 = RelWithDebInfo|x64
		{1D33EDD2-01F5-3C05-BDC6-AA41C449C06F}.Debug|x64.ActiveCfg = Debug|x64
		{1D33EDD2-01F5-3C05-BDC6-AA41C449C06F}.Debug|x64.Build.0 = Debug|x64
		{1D33EDD2-01F5-3C05-BDC6-AA41C449C06F}.Release|x64.ActiveCfg = Release|x64
		{1D33EDD2-01F5-3C05-BDC6-AA41C449C06F}.Release|x64.Build.0 = Release|x64
		{1D33EDD2-01F5-3C05-BDC6-AA41C449C06F}.MinSizeRel|x64.ActiveCfg = MinSizeRel|x64
		{1D33EDD2-01F5-3C05-BDC6-AA41C449C06F}.MinSizeRel|x64.Build.0 = MinSizeRel|x64
		{1D33EDD2-01F5-3C05-BDC6-AA41C449C06F}.RelWithDebInfo|x64.ActiveCfg = RelWithDebInfo|x64
		{1D33EDD2-01F5-3C05-BDC6-AA41C449C06F}.RelWithDebInfo|x64.Build.0 = RelWithDebInfo|x64
		{4CC034FB-9C57-3C92-AB4D-DED75C8119E2}.Debug|x64.ActiveCfg = Debug|x64
		{4CC034FB-9C57-3C92-AB4D-DED75C8119E2}.Debug|x64.Build.0 = Debug|x64
		{4CC034FB-9C57-3C92-AB4D-DED75C8119E2}.Release|x64.ActiveCfg = Release|x64
		{4CC034FB-9C57-3C92-AB4D-DED75C8119E2}.Release|x64.Build.0 = Release|x64
		{4CC034FB-9C57-3C92-AB4D-DED75C8119E2}.MinSizeRel|x64.ActiveCfg = MinSizeRel|x64
		{4CC034FB-9C57-3C92-AB4D-DED75C8119E2}.MinSizeRel|x64.Build.0 = MinSizeRel|x64
		{4CC034FB-9C57-3C92-AB4D-DED75C8119E2}.RelWithDebInfo|x64.ActiveCfg = RelWithDebInfo|x64
		{4CC034FB-9C57-3C92-AB4D-DED75C8119E2}.RelWithDebInfo|x64.Build.0 = RelWithDebInfo|x64
		{E970BAC0-3E25-3227-BF73-9D01C80FCEEC}.Debug|x64.ActiveCfg = Debug|x64
		{E970BAC0-3E25-3227-BF73-9D01C80FCEEC}.Debug|x64.Build.0 = Debug|x64
		{E970BAC0-3E25-3227-BF73-9D01C80FCEEC}.Release|x64.ActiveCfg = Release|x64
		{E970BAC0-3E25-3227-BF73-9D01C80FCEEC}.Release|x64.Build.0 = Release|x64
		{E970BAC0-3E25-3227-BF73-9D01C80FCEEC}.MinSizeRel|x64.ActiveCfg = MinSizeRel|x64
		{E970BAC0-3E25-3227-BF73-9D01C80FCEEC}.MinSizeRel|x64.Build.0 = MinSizeRel|x64
		{E970BAC0-3E25-3227-BF73-9D01C80FCEEC}.RelWithDebInfo|x64.ActiveCfg = RelWithDebInfo|x64
		{E970BAC0-3E25-3227-BF73-9D01C80FCEEC}.RelWithDebInfo|x64.Build.0 = RelWithDebInfo|x64
		{CCFE6B81-5F63-3A1D-9B14-E14450E9057A}.Debug|x64.ActiveCfg = Debug|x64
		{CCFE6B81-5F63-3A1D-9B14-E14450E9057A}.Debug|x64.Build.0 = Debug|x64
		{CCFE6B81-5F63-3A1D-9B14-E14450E9057A}.Release|x64.ActiveCfg = Release|x64
		{CCFE6B81-5F63-3A1D-9B14-E14450E9057A}.Release|x64.Build.0 = Release|x64
		{CCFE6B81-5F63-3A1D-9B14-E14450E9057A}.MinSizeRel|x64.ActiveCfg = MinSizeRel|x64
		{CCFE6B81-5F63-3A1D-9B14-E14450E9057A}.MinSizeRel|x64.Build.0 = MinSizeRel|x64
		{CCFE6B81-5F63-3A1D-9B14-E14450E9057A}.RelWithDebInfo|x64.ActiveCfg = RelWithDebInfo|x64
		{CCFE6B81-5F63-3A1D-9B14-E14450E9057A}.RelWithDebInfo|x64.Build.0 = RelWithDebInfo|x64
		{F493E85D-37E0-3112-B410-A2BE8E8C94DA}.Debug|x64.ActiveCfg = Debug|x64
		{F493E85D-37E0-3112-B410-A2BE8E8C94DA}.Debug|x64.Build.0 = Debug|x64
		{F493E85D-37E0-3112-B410-A2BE8E8C94DA}.Release|x64.ActiveCfg = Release|x64
		{F493E85D-37E0-3112-B410-A2BE8E8C94DA}.Release|x64.Build.0 = Release|x64
		{F493E85D-37E0-3112-B410-A2BE8E8C94DA}.MinSizeRel|x64.ActiveCfg = MinSizeRel|x64
		{F493E85D-37E0-3112-B410-A2BE8E8C94DA}.MinSizeRel|x64.Build.0 = MinSizeRel|x64
		{F493E85D-37E0-3112-B410-A2BE8E8C94DA}.RelWithDebInfo|x64.ActiveCfg = RelWithDebInfo|x64
		{F493E85D-37E0-3112-B410-A2BE8E8C94DA}.RelWithDebInfo|x64.Build.0 = RelWithDebInfo|x64
		{8DA58A1E-EFD1-35A2-9913-FE750890619D}.Debug|x64.ActiveCfg = Debug|x64
		{8DA58A1E-EFD1-35A2-9913-FE750890619D}.Debug|x64.Build.0 = Debug|x64
		{8DA58A1E-EFD1-35A2-9913-FE750890619D}.Release|x64.ActiveCfg = Release|x64
		{8DA58A1E-EFD1-35A2-9913-FE750890619D}.Release|x64.Build.0 = Release|x64
		{8DA58A1E-EFD1-35A2-9913-FE750890619D}.MinSizeRel|x64.ActiveCfg = MinSizeRel|x64
		{8DA58A1E-EFD1-35A2-9913-FE750890619D}.MinSizeRel|x64.Build.0 = MinSizeRel|x64
		{8DA58A1E-EFD1-35A2-9913-FE750890619D}.RelWithDebInfo|x64.ActiveCfg = RelWithDebInfo|x64
		{8DA58A1E-EFD1-35A2-9913-FE750890619D}.RelWithDebInfo|x64.Build.0 = RelWithDebInfo|x64
		{8F9FD5C3-E219-3C8A-A535-9947B6D08C82}.Debug|x64.ActiveCfg = Debug|x64
		{8F9FD5C3-E219-3C8A-A535-9947B6D08C82}.Debug|x64.Build.0 = Debug|x64
		{8F9FD5C3-E219-3C8A-A535-9947B6D08C82}.Release|x64.ActiveCfg = Release|x64
		{8F9FD5C3-E219-3C8A-A535-9947B6D08C82}.Release|x64.Build.0 = Release|x64
		{8F9FD5C3-E219-3C8A-A535-9947B6D08C82}.MinSizeRel|x64.ActiveCfg = MinSizeRel|x64
		{8F9FD5C3-E219-3C8A-A535-9947B6D08C82}.MinSizeRel|x64.Build.0 = MinSizeRel|x64
		{8F9FD5C3-E219-3C8A-A535-9947B6D08C82}.RelWithDebInfo|x64.ActiveCfg = RelWithDebInfo|x64
		{8F9FD5C3-E219-3C8A-A535-9947B6D08C82}.RelWithDebInfo|x64.Build.0 = RelWithDebInfo|x64
		{3DF81524-7E13-316D-A595-B57DF133258B}.Debug|x64.ActiveCfg = Debug|x64
		{3DF81524-7E13-316D-A595-B57DF133258B}.Debug|x64.Build.0 = Debug|x64
		{3DF81524-7E13-316D-A595-B57DF133258B}.Release|x64.ActiveCfg = Release|x64
		{3DF81524-7E13-316D-A595-B57DF133258B}.Release|x64.Build.0 = Release|x64
		{3DF81524-7E13-316D-A595-B57DF133258B}.MinSizeRel|x64.ActiveCfg = MinSizeRel|x64
		{3DF81524-7E13-316D-A595-B57DF133258B}.MinSizeRel|x64.Build.0 = MinSizeRel|x64
		{3DF81524-7E13-316D-A595-B57DF133258B}.RelWithDebInfo|x64.ActiveCfg = RelWithDebInfo|x64
		{3DF81524-7E13-316D-A595-B57DF133258B}.RelWithDebInfo|x64.Build.0 = RelWithDebInfo|x64
		{E5F1FD5F-E2E4-3074-BF1B-BB662360DDFD}.Debug|x64.ActiveCfg = Debug|x64
		{E5F1FD5F-E2E4-3074-BF1B-BB662360DDFD}.Debug|x64.Build.0 = Debug|x64
		{E5F1FD5F-E2E4-3074-BF1B-BB662360DDFD}.Release|x64.ActiveCfg = Release|x64
		{E5F1FD5F-E2E4-3074-BF1B-BB662360DDFD}.Release|x64.Build.0 = Release|x64
		{E5F1FD5F-E2E4-3074-BF1B-BB662360DDFD}.MinSizeRel|x64.ActiveCfg = MinSizeRel|x64
		{E5F1FD5F-E2E4-3074-BF1B-BB662360DDFD}.MinSizeRel|x64.Build.0 = MinSizeRel|x64
		{E5F1FD5F-E2E4-3074-BF1B-BB662360DDFD}.RelWithDebInfo|x64.ActiveCfg = RelWithDebInfo|x64
		{E5F1FD5F-E2E4-3074-BF1B-BB662360DDFD}.RelWithDebInfo|x64.Build.0 = RelWithDebInfo|x64
		{604A10E8-5F3A-3FCD-9355-204D872470C8}.Debug|x64.ActiveCfg = Debug|x64
		{604A10E8-5F3A-3FCD-9355-204D872470C8}.Debug|x64.Build.0 = Debug|x64
		{604A10E8-5F3A-3FCD-9355-204D872470C8}.Release|x64.ActiveCfg = Release|x64
		{604A10E8-5F3A-3FCD-9355-204D872470C8}.Release|x64.Build.0 = Release|x64
		{604A10E8-5F3A-3FCD-9355-204D872470C8}.MinSizeRel|x64.ActiveCfg = MinSizeRel|x64
		{604A10E8-5F3A-3FCD-9355-204D872470C8}.MinSizeRel|x64.Build.0 = MinSizeRel|x64
		{604A10E8-5F3A-3FCD-9355-204D872470C8}.RelWithDebInfo|x64.ActiveCfg = RelWithDebInfo|x64
		{604A10E8-5F3A-3FCD-9355-204D872470C8}.RelWithDebInfo|x64.Build.0 = RelWithDebInfo|x64
		{CA49C6BA-6349-36E8-919D-69BBE2497F74}.Debug|x64.ActiveCfg = Debug|x64
		{CA49C6BA-6349-36E8-919D-69BBE2497F74}.Debug|x64.Build.0 = Debug|x64
		{CA49C6BA-6349-36E8-919D-69BBE2497F74}.Release|x64.ActiveCfg = Release|x64
		{CA49C6BA-6349-36E8-919D-69BBE2497F74}.Release|x64.Build.0 = Release|x64
		{CA49C6BA-6349-36E8-919D-69BBE2497F74}.MinSizeRel|x64.ActiveCfg = MinSizeRel|x64
		{CA49C6BA-6349-36E8-919D-69BBE2497F74}.MinSizeRel|x64.Build.0 = MinSizeRel|x64
		{CA49C6BA-6349-36E8-919D-69BBE2497F74}.RelWithDebInfo|x64.ActiveCfg = RelWithDebInfo|x64
		{CA49C6BA-6349-36E8-919D-69BBE2497F74}.RelWithDebInfo|x64.Build.0 = RelWithDebInfo|x64
		{A4D20A2F-CB5C-34C2-A20C-5BC74E60F90A}.Debug|x64.ActiveCfg = Debug|x64
		{A4D20A2F-CB5C-34C2-A20C-5BC74E60F90A}.Debug|x64.Build.0 = Debug|x64
		{A4D20A2F-CB5C-34C2-A20C-5BC74E60F90A}.Release|x64.ActiveCfg = Release|x64
		{A4D20A2F-CB5C-34C2-A20C-5BC74E60F90A}.Release|x64.Build.0 = Release|x64
		{A4D20A2F-CB5C-34C2-A20C-5BC74E60F90A}.MinSizeRel|x64.ActiveCfg = MinSizeRel|x64
		{A4D20A2F-CB5C-34C2-A20C-5BC74E60F90A}.MinSizeRel|x64.Build.0 = MinSizeRel|x64
		{A4D20A2F-CB5C-34C2-A20C-5BC74E60F90A}.RelWithDebInfo|x64.ActiveCfg = RelWithDebInfo|x64
		{A4D20A2F-CB5C-34C2-A20C-5BC74E60F90A}.RelWithDebInfo|x64.Build.0 = RelWithDebInfo|x64
		{AC131A1E-28CD-33C9-9E60-457F23BDFFFE}.Debug|x64.ActiveCfg = Debug|x64
		{AC131A1E-28CD-33C9-9E60-457F23BDFFFE}.Debug|x64.Build.0 = Debug|x64
		{AC131A1E-28CD-33C9-9E60-457F23BDFFFE}.Release|x64.ActiveCfg = Release|x64
		{AC131A1E-28CD-33C9-9E60-457F23BDFFFE}.Release|x64.Build.0 = Release|x64
		{AC131A1E-28CD-33C9-9E60-457F23BDFFFE}.MinSizeRel|x64.ActiveCfg = MinSizeRel|x64
		{AC131A1E-28CD-33C9-9E60-457F23BDFFFE}.MinSizeRel|x64.Build.0 = MinSizeRel|x64
		{AC131A1E-28CD-33C9-9E60-457F23BDFFFE}.RelWithDebInfo|x64.ActiveCfg = RelWithDebInfo|x64
		{AC131A1E-28CD-33C9-9E60-457F23BDFFFE}.RelWithDebInfo|x64.Build.0 = RelWithDebInfo|x64
		{4B5E1B30-8E31-33E0-ADC7-4B1812843F62}.Debug|x64.ActiveCfg = Debug|x64
		{4B5E1B30-8E31-33E0-ADC7-4B1812843F62}.Debug|x64.Build.0 = Debug|x64
		{4B5E1B30-8E31-33E0-ADC7-4B1812843F62}.Release|x64.ActiveCfg = Release|x64
		{4B5E1B30-8E31-33E0-ADC7-4B1812843F62}.Release|x64.Build.0 = Release|x64
		{4B5E1B30-8E31-33E0-ADC7-4B1812843F62}.MinSizeRel|x64.ActiveCfg = MinSizeRel|x64
		{4B5E1B30-8E31-33E0-ADC7-4B1812843F62}.MinSizeRel|x64.Build.0 = MinSizeRel|x64
		{4B5E1B30-8E31-33E0-ADC7-4B1812843F62}.RelWithDebInfo|x64.ActiveCfg = RelWithDebInfo|x64
		{4B5E1B30-8E31-33E0-ADC7-4B1812843F62}.RelWithDebInfo|x64.Build.0 = RelWithDebInfo|x64
		{80ADEB1F-6E57-3608-BE24-0CBABC41385E}.Debug|x64.ActiveCfg = Debug|x64
		{80ADEB1F-6E57-3608-BE24-0CBABC41385E}.Debug|x64.Build.0 = Debug|x64
		{80ADEB1F-6E57-3608-BE24-0CBABC41385E}.Release|x64.ActiveCfg = Release|x64
		{80ADEB1F-6E57-3608-BE24-0CBABC41385E}.Release|x64.Build.0 = Release|x64
		{80ADEB1F-6E57-3608-BE24-0CBABC41385E}.MinSizeRel|x64.ActiveCfg = MinSizeRel|x64
		{80ADEB1F-6E57-3608-BE24-0CBABC41385E}.MinSizeRel|x64.Build.0 = MinSizeRel|x64
		{80ADEB1F-6E57-3608-BE24-0CBABC41385E}.RelWithDebInfo|x64.ActiveCfg = RelWithDebInfo|x64
		{80ADEB1F-6E57-3608-BE24-0CBABC41385E}.RelWithDebInfo|x64.Build.0 = RelWithDebInfo|x64
		{CE6167E5-B3C9-3E35-B530-46FA06A8E9B1}.Debug|x64.ActiveCfg = Debug|x64
		{CE6167E5-B3C9-3E35-B530-46FA06A8E9B1}.Debug|x64.Build.0 = Debug|x64
		{CE6167E5-B3C9-3E35-B530-46FA06A8E9B1}.Release|x64.ActiveCfg = Release|x64
		{CE6167E5-B3C9-3E35-B530-46FA06A8E9B1}.Release|x64.Build.0 = Release|x64
		{CE6167E5-B3C9-3E35-B530-46FA06A8E9B1}.MinSizeRel|x64.ActiveCfg = MinSizeRel|x64
		{CE6167E5-B3C9-3E35-B530-46FA06A8E9B1}.MinSizeRel|x64.Build.0 = MinSizeRel|x64
		{CE6167E5-B3C9-3E35-B530-46FA06A8E9B1}.RelWithDebInfo|x64.ActiveCfg = RelWithDebInfo|x64
		{CE6167E5-B3C9-3E35-B530-46FA06A8E9B1}.RelWithDebInfo|x64.Build.0 = RelWithDebInfo|x64
		{AE289A78-B1CF-3983-854A-BA7670F6DF43}.Debug|x64.ActiveCfg = Debug|x64
		{AE289A78-B1CF-3983-854A-BA7670F6DF43}.Debug|x64.Build.0 = Debug|x64
		{AE289A78-B1CF-3983-854A-BA7670F6DF43}.Release|x64.ActiveCfg = Release|x64
		{AE289A78-B1CF-3983-854A-BA7670F6DF43}.Release|x64.Build.0 = Release|x64
		{AE289A78-B1CF-3983-854A-BA7670F6DF43}.MinSizeRel|x64.ActiveCfg = MinSizeRel|x64
		{AE289A78-B1CF-3983-854A-BA7670F6DF43}.MinSizeRel|x64.Build.0 = MinSizeRel|x64
		{AE289A78-B1CF-3983-854A-BA7670F6DF43}.RelWithDebInfo|x64.ActiveCfg = RelWithDebInfo|x64
		{AE289A78-B1CF-3983-854A-BA7670F6DF43}.RelWithDebInfo|x64.Build.0 = RelWithDebInfo|x64
		{DA8ED3D7-FF17-3D33-9AA9-AF3D37EACB96}.Debug|x64.ActiveCfg = Debug|x64
		{DA8ED3D7-FF17-3D33-9AA9-AF3D37EACB96}.Debug|x64.Build.0 = Debug|x64
		{DA8ED3D7-FF17-3D33-9AA9-AF3D37EACB96}.Release|x64.ActiveCfg = Release|x64
		{DA8ED3D7-FF17-3D33-9AA9-AF3D37EACB96}.Release|x64.Build.0 = Release|x64
		{DA8ED3D7-FF17-3D33-9AA9-AF3D37EACB96}.MinSizeRel|x64.ActiveCfg = MinSizeRel|x64
		{DA8ED3D7-FF17-3D33-9AA9-AF3D37EACB96}.MinSizeRel|x64.Build.0 = MinSizeRel|x64
		{DA8ED3D7-FF17-3D33-9AA9-AF3D37EACB96}.RelWithDebInfo|x64.ActiveCfg = RelWithDebInfo|x64
		{DA8ED3D7-FF17-3D33-9AA9-AF3D37EACB96}.RelWithDebInfo|x64.Build.0 = RelWithDebInfo|x64
		{7E0325BD-2648-3FA0-9531-EEDFD8DB07BE}.Debug|x64.ActiveCfg = Debug|x64
		{7E0325BD-2648-3FA0-9531-EEDFD8DB07BE}.Debug|x64.Build.0 = Debug|x64
		{7E0325BD-2648-3FA0-9531-EEDFD8DB07BE}.Release|x64.ActiveCfg = Release|x64
		{7E0325BD-2648-3FA0-9531-EEDFD8DB07BE}.Release|x64.Build.0 = Release|x64
		{7E0325BD-2648-3FA0-9531-EEDFD8DB07BE}.MinSizeRel|x64.ActiveCfg = MinSizeRel|x64
		{7E0325BD-2648-3FA0-9531-EEDFD8DB07BE}.MinSizeRel|x64.Build.0 = MinSizeRel|x64
		{7E0325BD-2648-3FA0-9531-EEDFD8DB07BE}.RelWithDebInfo|x64.ActiveCfg = RelWithDebInfo|x64
		{7E0325BD-2648-3FA0-9531-EEDFD8DB07BE}.RelWithDebInfo|x64.Build.0 = RelWithDebInfo|x64
		{EC91FB12-5513-3500-A647-F46AF081C12C}.Debug|x64.ActiveCfg = Debug|x64
		{EC91FB12-5513-3500-A647-F46AF081C12C}.Debug|x64.Build.0 = Debug|x64
		{EC91FB12-5513-3500-A647-F46AF081C12C}.Release|x64.ActiveCfg = Release|x64
		{EC91FB12-5513-3500-A647-F46AF081C12C}.Release|x64.Build.0 = Release|x64
		{EC91FB12-5513-3500-A647-F46AF081C12C}.MinSizeRel|x64.ActiveCfg = MinSizeRel|x64
		{EC91FB12-5513-3500-A647-F46AF081C12C}.MinSizeRel|x64.Build.0 = MinSizeRel|x64
		{EC91FB12-5513-3500-A647-F46AF081C12C}.RelWithDebInfo|x64.ActiveCfg = RelWithDebInfo|x64
		{EC91FB12-5513-3500-A647-F46AF081C12C}.RelWithDebInfo|x64.Build.0 = RelWithDebInfo|x64
		{A1D663BA-6DB7-32C4-A442-08F0361AC074}.Debug|x64.ActiveCfg = Debug|x64
		{A1D663BA-6DB7-32C4-A442-08F0361AC074}.Release|x64.ActiveCfg = Release|x64
		{A1D663BA-6DB7-32C4-A442-08F0361AC074}.MinSizeRel|x64.ActiveCfg = MinSizeRel|x64
		{A1D663BA-6DB7-32C4-A442-08F0361AC074}.RelWithDebInfo|x64.ActiveCfg = RelWithDebInfo|x64
		{9D8228FD-22F8-3B89-AC43-6BD44769C2B4}.Debug|x64.ActiveCfg = Debug|x64
		{9D8228FD-22F8-3B89-AC43-6BD44769C2B4}.Debug|x64.Build.0 = Debug|x64
		{9D8228FD-22F8-3B89-AC43-6BD44769C2B4}.Release|x64.ActiveCfg = Release|x64
		{9D8228FD-22F8-3B89-AC43-6BD44769C2B4}.Release|x64.Build.0 = Release|x64
		{9D8228FD-22F8-3B89-AC43-6BD44769C2B4}.MinSizeRel|x64.ActiveCfg = MinSizeRel|x64
		{9D8228FD-22F8-3B89-AC43-6BD44769C2B4}.MinSizeRel|x64.Build.0 = MinSizeRel|x64
		{9D8228FD-22F8-3B89-AC43-6BD44769C2B4}.RelWithDebInfo|x64.ActiveCfg = RelWithDebInfo|x64
		{9D8228FD-22F8-3B89-AC43-6BD44769C2B4}.RelWithDebInfo|x64.Build.0 = RelWithDebInfo|x64
		{AE78F072-EC72-35C2-ABC8-178389F9899D}.Debug|x64.ActiveCfg = Debug|x64
		{AE78F072-EC72-35C2-ABC8-178389F9899D}.Debug|x64.Build.0 = Debug|x64
		{AE78F072-EC72-35C2-ABC8-178389F9899D}.Release|x64.ActiveCfg = Release|x64
		{AE78F072-EC72-35C2-ABC8-178389F9899D}.Release|x64.Build.0 = Release|x64
		{AE78F072-EC72-35C2-ABC8-178389F9899D}.MinSizeRel|x64.ActiveCfg = MinSizeRel|x64
		{AE78F072-EC72-35C2-ABC8-178389F9899D}.MinSizeRel|x64.Build.0 = MinSizeRel|x64
		{AE78F072-EC72-35C2-ABC8-178389F9899D}.RelWithDebInfo|x64.ActiveCfg = RelWithDebInfo|x64
		{AE78F072-EC72-35C2-ABC8-178389F9899D}.RelWithDebInfo|x64.Build.0 = RelWithDebInfo|x64
		{7656FAD2-D8AD-3921-9A39-569C344BC5AF}.Debug|x64.ActiveCfg = Debug|x64
		{7656FAD2-D8AD-3921-9A39-569C344BC5AF}.Debug|x64.Build.0 = Debug|x64
		{7656FAD2-D8AD-3921-9A39-569C344BC5AF}.Release|x64.ActiveCfg = Release|x64
		{7656FAD2-D8AD-3921-9A39-569C344BC5AF}.Release|x64.Build.0 = Release|x64
		{7656FAD2-D8AD-3921-9A39-569C344BC5AF}.MinSizeRel|x64.ActiveCfg = MinSizeRel|x64
		{7656FAD2-D8AD-3921-9A39-569C344BC5AF}.MinSizeRel|x64.Build.0 = MinSizeRel|x64
		{7656FAD2-D8AD-3921-9A39-569C344BC5AF}.RelWithDebInfo|x64.ActiveCfg = RelWithDebInfo|x64
		{7656FAD2-D8AD-3921-9A39-569C344BC5AF}.RelWithDebInfo|x64.Build.0 = RelWithDebInfo|x64
	EndGlobalSection
	GlobalSection(NestedProjects) = preSolution
		{F6C36C21-21D2-32AE-815B-8B2B6B71C015} = {BB02BB16-EFAE-3B22-A924-09211EC3573D}
		{A5B92E7D-82F9-3CF1-A005-0BA5F612F025} = {BB02BB16-EFAE-3B22-A924-09211EC3573D}
		{92756034-6581-3A7A-AF51-175F7B6BBB41} = {BB02BB16-EFAE-3B22-A924-09211EC3573D}
		{3B4B32B3-5930-36C5-BCCD-88C1B2558931} = {A88ED73A-2A3B-39EA-99A8-C67DF158C49C}
		{266B072B-EF16-33F3-B35E-F988CA5A61FB} = {A88ED73A-2A3B-39EA-99A8-C67DF158C49C}
		{C94445A3-3B49-36D8-9C5D-BAC61A00F883} = {A88ED73A-2A3B-39EA-99A8-C67DF158C49C}
		{845AF058-3A4D-39B5-BA56-C6B0D856F55B} = {3B4B32B3-5930-36C5-BCCD-88C1B2558931}
		{BD21F75E-1661-3FC0-9659-B8C6C758DD54} = {3B4B32B3-5930-36C5-BCCD-88C1B2558931}
		{88DA620E-5FF7-3A0E-99A7-16FCFFDDC830} = {3B4B32B3-5930-36C5-BCCD-88C1B2558931}
		{12C35530-DFFC-39AB-9ED8-2742F7E208DB} = {3B4B32B3-5930-36C5-BCCD-88C1B2558931}
		{74638F99-A1A3-35BF-A456-5AA4FF418A52} = {3B4B32B3-5930-36C5-BCCD-88C1B2558931}
		{0790D64C-FC4B-3E73-828B-8AE5A570FC23} = {3B4B32B3-5930-36C5-BCCD-88C1B2558931}
		{9D8228FD-22F8-3B89-AC43-6BD44769C2B4} = {3B4B32B3-5930-36C5-BCCD-88C1B2558931}
		{F0B37961-0632-38DD-813A-6AB114D16A95} = {266B072B-EF16-33F3-B35E-F988CA5A61FB}
		{72FD0D9F-293F-3B03-91CC-A96F35E6BB17} = {266B072B-EF16-33F3-B35E-F988CA5A61FB}
		{FE41D406-29A5-356C-A388-B3C5C33299DC} = {266B072B-EF16-33F3-B35E-F988CA5A61FB}
		{5E8B9CD6-E990-344F-A1F3-E37E38E75BAE} = {266B072B-EF16-33F3-B35E-F988CA5A61FB}
		{D509822B-9404-31B8-9F90-62AD3E9EE359} = {266B072B-EF16-33F3-B35E-F988CA5A61FB}
		{7B364709-12B6-3DE6-80D9-BE4E7AC0B4C8} = {266B072B-EF16-33F3-B35E-F988CA5A61FB}
		{A082446B-4835-3C75-A119-B170B1B6994A} = {266B072B-EF16-33F3-B35E-F988CA5A61FB}
		{5DD30A0F-DB3D-3F9F-82EB-6886D93D385C} = {266B072B-EF16-33F3-B35E-F988CA5A61FB}
		{894FEB88-CA20-3397-8A32-D1C05D32BBED} = {266B072B-EF16-33F3-B35E-F988CA5A61FB}
		{1C06D1AC-3F65-3A4F-85E9-E5E32F6DEAA4} = {266B072B-EF16-33F3-B35E-F988CA5A61FB}
		{DE0E747B-CE31-3497-989F-3AF953C7A18C} = {266B072B-EF16-33F3-B35E-F988CA5A61FB}
		{38D4C093-94B6-3183-9541-100B80E45404} = {266B072B-EF16-33F3-B35E-F988CA5A61FB}
		{4FDC056C-C55D-359D-A8BF-E02C6924FFD8} = {266B072B-EF16-33F3-B35E-F988CA5A61FB}
		{64FDC3E0-FF57-3D18-99B5-9815A66489BB} = {266B072B-EF16-33F3-B35E-F988CA5A61FB}
		{333C2C36-F8DB-309B-AF03-E57E4936A964} = {266B072B-EF16-33F3-B35E-F988CA5A61FB}
		{AE78F072-EC72-35C2-ABC8-178389F9899D} = {266B072B-EF16-33F3-B35E-F988CA5A61FB}
	EndGlobalSection
	GlobalSection(ExtensibilityGlobals) = postSolution
		SolutionGuid = {7C8031BA-8AD7-37CA-BD2A-1BB3A4E66B9E}
	EndGlobalSection
	GlobalSection(ExtensibilityAddIns) = postSolution
	EndGlobalSection
EndGlobal
