<?xml version="1.0" encoding="utf-8"?>
<Project ToolsVersion="17.0" xmlns="http://schemas.microsoft.com/developer/msbuild/2003">
  <ItemGroup>
    <CustomBuild Include="C:\Users\Norma\Downloads\ogl-master\ogl-master\build\CMakeFiles\4f59b6fe6e8dbacb6f35d1746cfed507\generate.stamp.rule">
      <Filter>CMake Rules</Filter>
    </CustomBuild>
  </ItemGroup>
  <ItemGroup>
    <Filter Include="CMake Rules">
      <UniqueIdentifier>{C2E8A37F-CB89-3393-AEFC-E91CA5579393}</UniqueIdentifier>
    </Filter>
  </ItemGroup>
</Project>
